// !$*UTF8*$!
{
	archiveVersion = 1;
	classes = {
	};
	objectVersion = 46;
	objects = {

/* Begin PBXBuildFile section */
		A54911421B3D7B3900C52A77 /* main.m in Sources */ = {isa = PBXBuildFile; fileRef = A54911411B3D7B3900C52A77 /* main.m */; };
		A549114A1B3D7B7700C52A77 /* NSArray+DHMap.m in Sources */ = {isa = PBXBuildFile; fileRef = A54911491B3D7B7700C52A77 /* NSArray+DHMap.m */; };
/* End PBXBuildFile section */

/* Begin PBXCopyFilesBuildPhase section */
		A549113C1B3D7B3900C52A77 /* CopyFiles */ = {
			isa = PBXCopyFilesBuildPhase;
			buildActionMask = 2147483647;
			dstPath = /usr/share/man/man1/;
			dstSubfolderSpec = 0;
			files = (
			);
			runOnlyForDeploymentPostprocessing = 1;
		};
/* End PBXCopyFilesBuildPhase section */

/* Begin PBXFileReference section */
		A549113E1B3D7B3900C52A77 /* NSArray0Exception */ = {isa = PBXFileReference; explicitFileType = "compiled.mach-o.executable"; includeInIndex = 0; path = NSArray0Exception; sourceTree = BUILT_PRODUCTS_DIR; };
		A54911411B3D7B3900C52A77 /* main.m */ = {isa = PBXFileReference; lastKnownFileType = sourcecode.c.objc; path = main.m; sourceTree = "<group>"; };
		A54911481B3D7B7700C52A77 /* NSArray+DHMap.h */ = {isa = PBXFileReference; fileEncoding = 4; lastKnownFileType = sourcecode.c.h; path = "NSArray+DHMap.h"; sourceTree = "<group>"; };
		A54911491B3D7B7700C52A77 /* NSArray+DHMap.m */ = {isa = PBXFileReference; fileEncoding = 4; lastKnownFileType = sourcecode.c.objc; path = "NSArray+DHMap.m"; sourceTree = "<group>"; };
/* End PBXFileReference section */

/* Begin PBXFrameworksBuildPhase section */
		A549113B1B3D7B3900C52A77 /* Frameworks */ = {
			isa = PBXFrameworksBuildPhase;
			buildActionMask = 2147483647;
			files = (
			);
			runOnlyForDeploymentPostprocessing = 0;
		};
/* End PBXFrameworksBuildPhase section */

/* Begin PBXGroup section */
		A54911351B3D7B3900C52A77 = {
			isa = PBXGroup;
			children = (
				A54911401B3D7B3900C52A77 /* NSArray0Exception */,
				A549113F1B3D7B3900C52A77 /* Products */,
			);
			sourceTree = "<group>";
		};
		A549113F1B3D7B3900C52A77 /* Products */ = {
			isa = PBXGroup;
			children = (
				A549113E1B3D7B3900C52A77 /* NSArray0Exception */,
			);
			name = Products;
			sourceTree = "<group>";
		};
		A54911401B3D7B3900C52A77 /* NSArray0Exception */ = {
			isa = PBXGroup;
			children = (
				A54911411B3D7B3900C52A77 /* main.m */,
				A54911481B3D7B7700C52A77 /* NSArray+DHMap.h */,
				A54911491B3D7B7700C52A77 /* NSArray+DHMap.m */,
			);
			path = NSArray0Exception;
			sourceTree = "<group>";
		};
/* End PBXGroup section */

/* Begin PBXNativeTarget section */
		A549113D1B3D7B3900C52A77 /* NSArray0Exception */ = {
			isa = PBXNativeTarget;
			buildConfigurationList = A54911451B3D7B3900C52A77 /* Build configuration list for PBXNativeTarget "NSArray0Exception" */;
			buildPhases = (
				A549113A1B3D7B3900C52A77 /* Sources */,
				A549113B1B3D7B3900C52A77 /* Frameworks */,
				A549113C1B3D7B3900C52A77 /* CopyFiles */,
			);
			buildRules = (
			);
			dependencies = (
			);
			name = NSArray0Exception;
			productName = NSArray0Exception;
			productReference = A549113E1B3D7B3900C52A77 /* NSArray0Exception */;
			productType = "com.apple.product-type.tool";
		};
/* End PBXNativeTarget section */

/* Begin PBXProject section */
		A54911361B3D7B3900C52A77 /* Project object */ = {
			isa = PBXProject;
			attributes = {
				LastUpgradeCheck = 0700;
				ORGANIZATIONNAME = "Douglas Hill";
				TargetAttributes = {
					A549113D1B3D7B3900C52A77 = {
						CreatedOnToolsVersion = 7.0;
					};
				};
			};
			buildConfigurationList = A54911391B3D7B3900C52A77 /* Build configuration list for PBXProject "NSArray0Exception" */;
			compatibilityVersion = "Xcode 3.2";
			developmentRegion = English;
			hasScannedForEncodings = 0;
			knownRegions = (
				en,
			);
			mainGroup = A54911351B3D7B3900C52A77;
			productRefGroup = A549113F1B3D7B3900C52A77 /* Products */;
			projectDirPath = "";
			projectRoot = "";
			targets = (
				A549113D1B3D7B3900C52A77 /* NSArray0Exception */,
			);
		};
/* End PBXProject section */

/* Begin PBXSourcesBuildPhase section */
		A549113A1B3D7B3900C52A77 /* Sources */ = {
			isa = PBXSourcesBuildPhase;
			buildActionMask = 2147483647;
			files = (
				A549114A1B3D7B7700C52A77 /* NSArray+DHMap.m in Sources */,
				A54911421B3D7B3900C52A77 /* main.m in Sources */,
			);
			runOnlyForDeploymentPostprocessing = 0;
		};
/* End PBXSourcesBuildPhase section */

/* Begin XCBuildConfiguration section */
		A54911431B3D7B3900C52A77 /* Debug */ = {
			isa = XCBuildConfiguration;
			buildSettings = {
				ALWAYS_SEARCH_USER_PATHS = NO;
				CLANG_CXX_LANGUAGE_STANDARD = "gnu++0x";
				CLANG_CXX_LIBRARY = "libc++";
				CLANG_ENABLE_MODULES = YES;
				CLANG_ENABLE_OBJC_ARC = YES;
				CLANG_WARN_BOOL_CONVERSION = YES;
				CLANG_WARN_CONSTANT_CONVERSION = YES;
				CLANG_WARN_DIRECT_OBJC_ISA_USAGE = YES_ERROR;
				CLANG_WARN_EMPTY_BODY = YES;
				CLANG_WARN_ENUM_CONVERSION = YES;
				CLANG_WARN_INT_CONVERSION = YES;
				CLANG_WARN_OBJC_ROOT_CLASS = YES_ERROR;
				CLANG_WARN_UNREACHABLE_CODE = YES;
				CLANG_WARN__DUPLICATE_METHOD_MATCH = YES;
				COPY_PHASE_STRIP = NO;
				DEBUG_INFORMATION_FORMAT = dwarf;
				ENABLE_STRICT_OBJC_MSGSEND = YES;
				ENABLE_TESTABILITY = YES;
				GCC_C_LANGUAGE_STANDARD = gnu99;
				GCC_DYNAMIC_NO_PIC = NO;
				GCC_NO_COMMON_BLOCKS = YES;
				GCC_OPTIMIZATION_LEVEL = 0;
				GCC_PREPROCESSOR_DEFINITIONS = (
					"DEBUG=1",
					"$(inherited)",
				);
				GCC_WARN_64_TO_32_BIT_CONVERSION = YES;
				GCC_WARN_ABOUT_RETURN_TYPE = YES_ERROR;
				GCC_WARN_UNDECLARED_SELECTOR = YES;
				GCC_WARN_UNINITIALIZED_AUTOS = YES_AGGRESSIVE;
				GCC_WARN_UNUSED_FUNCTION = YES;
				GCC_WARN_UNUSED_VARIABLE = YES;
				MACOSX_DEPLOYMENT_TARGET = 10.10;
				MTL_ENABLE_DEBUG_INFO = YES;
				ONLY_ACTIVE_ARCH = YES;
				SDKROOT = macosx;
			};
			name = Debug;
		};
		A54911441B3D7B3900C52A77 /* Release */ = {
			isa = XCBuildConfiguration;
			buildSettings = {
				ALWAYS_SEARCH_USER_PATHS = NO;
				CLANG_CXX_LANGUAGE_STANDARD = "gnu++0x";
				CLANG_CXX_LIBRARY = "libc++";
				CLANG_ENABLE_MODULES = YES;
				CLANG_ENABLE_OBJC_ARC = YES;
				CLANG_WARN_BOOL_CONVERSION = YES;
				CLANG_WARN_CONSTANT_CONVERSION = YES;
				CLANG_WARN_DIRECT_OBJC_ISA_USAGE = YES_ERROR;
				CLANG_WARN_EMPTY_BODY = YES;
				CLANG_WARN_ENUM_CONVERSION = YES;
				CLANG_WARN_INT_CONVERSION = YES;
				CLANG_WARN_OBJC_ROOT_CLASS = YES_ERROR;
				CLANG_WARN_UNREACHABLE_CODE = YES;
				CLANG_WARN__DUPLICATE_METHOD_MATCH = YES;
				COPY_PHASE_STRIP = NO;
				DEBUG_INFORMATION_FORMAT = "dwarf-with-dsym";
				ENABLE_NS_ASSERTIONS = NO;
				ENABLE_STRICT_OBJC_MSGSEND = YES;
				GCC_C_LANGUAGE_STANDARD = gnu99;
				GCC_NO_COMMON_BLOCKS = YES;
				GCC_WARN_64_TO_32_BIT_CONVERSION = YES;
				GCC_WARN_ABOUT_RETURN_TYPE = YES_ERROR;
				GCC_WARN_UNDECLARED_SELECTOR = YES;
				GCC_WARN_UNINITIALIZED_AUTOS = YES_AGGRESSIVE;
				GCC_WARN_UNUSED_FUNCTION = YES;
				GCC_WARN_UNUSED_VARIABLE = YES;
				MACOSX_DEPLOYMENT_TARGET = 10.10;
				MTL_ENABLE_DEBUG_INFO = NO;
				SDKROOT = macosx;
			};
			name = Release;
		};
		A54911461B3D7B3900C52A77 /* Debug */ = {
			isa = XCBuildConfiguration;
			buildSettings = {
				PRODUCT_NAME = "$(TARGET_NAME)";
			};
			name = Debug;
		};
		A54911471B3D7B3900C52A77 /* Release */ = {
			isa = XCBuildConfiguration;
			buildSettings = {
				PRODUCT_NAME = "$(TARGET_NAME)";
			};
			name = Release;
		};
/* End XCBuildConfiguration section */

/* Begin XCConfigurationList section */
		A54911391B3D7B3900C52A77 /* Build configuration list for PBXProject "NSArray0Exception" */ = {
			isa = XCConfigurationList;
			buildConfigurations = (
				A54911431B3D7B3900C52A77 /* Debug */,
				A54911441B3D7B3900C52A77 /* Release */,
			);
			defaultConfigurationIsVisible = 0;
			defaultConfigurationName = Release;
		};
		A54911451B3D7B3900C52A77 /* Build configuration list for PBXNativeTarget "NSArray0Exception" */ = {
			isa = XCConfigurationList;
			buildConfigurations = (
				A54911461B3D7B3900C52A77 /* Debug */,
				A54911471B3D7B3900C52A77 /* Release */,
			);
			defaultConfigurationIsVisible = 0;
		};
/* End XCConfigurationList section */
	};
	rootObject = A54911361B3D7B3900C52A77 /* Project object */;
}
