// !$*UTF8*$!
{
	archiveVersion = 1;
	classes = {
	};
	objectVersion = 46;
	objects = {

/* Begin PBXBuildFile section */
		F89444691E66B63D00720CE2 /* Document.pdf in Resources */ = {isa = PBXBuildFile; fileRef = F89444681E66B63D00720CE2 /* Document.pdf */; };
		F8B069211E66B1F500DD8353 /* Messages.framework in Frameworks */ = {isa = PBXBuildFile; fileRef = F8B069201E66B1F500DD8353 /* Messages.framework */; };
		F8B069241E66B1F500DD8353 /* MessagesViewController.swift in Sources */ = {isa = PBXBuildFile; fileRef = F8B069231E66B1F500DD8353 /* MessagesViewController.swift */; };
		F8B069271E66B1F500DD8353 /* MainInterface.storyboard in Resources */ = {isa = PBXBuildFile; fileRef = F8B069251E66B1F500DD8353 /* MainInterface.storyboard */; };
		F8B069291E66B1F500DD8353 /* Assets.xcassets in Resources */ = {isa = PBXBuildFile; fileRef = F8B069281E66B1F500DD8353 /* Assets.xcassets */; };
/* End PBXBuildFile section */

/* Begin PBXFileReference section */
		F89444681E66B63D00720CE2 /* Document.pdf */ = {isa = PBXFileReference; lastKnownFileType = image.pdf; path = Document.pdf; sourceTree = "<group>"; };
		F8B0691B1E66B1F500DD8353 /* MessagesExtension.appex */ = {isa = PBXFileReference; explicitFileType = "wrapper.app-extension"; includeInIndex = 0; path = MessagesExtension.appex; sourceTree = BUILT_PRODUCTS_DIR; };
		F8B069201E66B1F500DD8353 /* Messages.framework */ = {isa = PBXFileReference; lastKnownFileType = wrapper.framework; name = Messages.framework; path = System/Library/Frameworks/Messages.framework; sourceTree = SDKROOT; };
		F8B069231E66B1F500DD8353 /* MessagesViewController.swift */ = {isa = PBXFileReference; lastKnownFileType = sourcecode.swift; path = MessagesViewController.swift; sourceTree = "<group>"; };
		F8B069261E66B1F500DD8353 /* Base */ = {isa = PBXFileReference; lastKnownFileType = file.storyboard; name = Base; path = Base.lproj/MainInterface.storyboard; sourceTree = "<group>"; };
		F8B069281E66B1F500DD8353 /* Assets.xcassets */ = {isa = PBXFileReference; lastKnownFileType = folder.assetcatalog; path = Assets.xcassets; sourceTree = "<group>"; };
		F8B0692A1E66B1F500DD8353 /* Info.plist */ = {isa = PBXFileReference; lastKnownFileType = text.plist.xml; path = Info.plist; sourceTree = "<group>"; };
/* End PBXFileReference section */

/* Begin PBXFrameworksBuildPhase section */
		F8B069181E66B1F500DD8353 /* Frameworks */ = {
			isa = PBXFrameworksBuildPhase;
			buildActionMask = 2147483647;
			files = (
				F8B069211E66B1F500DD8353 /* Messages.framework in Frameworks */,
			);
			runOnlyForDeploymentPostprocessing = 0;
		};
/* End PBXFrameworksBuildPhase section */

/* Begin PBXGroup section */
		F8B0690A1E66B1F500DD8353 = {
			isa = PBXGroup;
			children = (
				F8B069221E66B1F500DD8353 /* MessagesExtension */,
				F8B0691F1E66B1F500DD8353 /* Frameworks */,
				F8B069121E66B1F500DD8353 /* Products */,
			);
			sourceTree = "<group>";
		};
		F8B069121E66B1F500DD8353 /* Products */ = {
			isa = PBXGroup;
			children = (
				F8B0691B1E66B1F500DD8353 /* MessagesExtension.appex */,
			);
			name = Products;
			sourceTree = "<group>";
		};
		F8B0691F1E66B1F500DD8353 /* Frameworks */ = {
			isa = PBXGroup;
			children = (
				F8B069201E66B1F500DD8353 /* Messages.framework */,
			);
			name = Frameworks;
			sourceTree = "<group>";
		};
		F8B069221E66B1F500DD8353 /* MessagesExtension */ = {
			isa = PBXGroup;
			children = (
				F8B069231E66B1F500DD8353 /* MessagesViewController.swift */,
				F8B069251E66B1F500DD8353 /* MainInterface.storyboard */,
				F89444681E66B63D00720CE2 /* Document.pdf */,
				F8B069281E66B1F500DD8353 /* Assets.xcassets */,
				F8B0692A1E66B1F500DD8353 /* Info.plist */,
			);
			path = MessagesExtension;
			sourceTree = "<group>";
		};
/* End PBXGroup section */

/* Begin PBXNativeTarget section */
		F8B0691A1E66B1F500DD8353 /* MessagesExtension */ = {
			isa = PBXNativeTarget;
			buildConfigurationList = F8B0692D1E66B1F500DD8353 /* Build configuration list for PBXNativeTarget "MessagesExtension" */;
			buildPhases = (
				F8B069171E66B1F500DD8353 /* Sources */,
				F8B069181E66B1F500DD8353 /* Frameworks */,
				F8B069191E66B1F500DD8353 /* Resources */,
			);
			buildRules = (
			);
			dependencies = (
			);
			name = MessagesExtension;
			productName = MessagesExtension;
			productReference = F8B0691B1E66B1F500DD8353 /* MessagesExtension.appex */;
			productType = "com.apple.product-type.app-extension.messages";
		};
/* End PBXNativeTarget section */

/* Begin PBXProject section */
		F8B0690B1E66B1F500DD8353 /* Project object */ = {
			isa = PBXProject;
			attributes = {
				LastSwiftUpdateCheck = 0820;
				LastUpgradeCheck = 0820;
				ORGANIZATIONNAME = PSPDFKit;
				TargetAttributes = {
					F8B0691A1E66B1F500DD8353 = {
						CreatedOnToolsVersion = 8.2.1;
						DevelopmentTeam = 4YCRL5LW7Q;
						ProvisioningStyle = Automatic;
					};
				};
			};
			buildConfigurationList = F8B0690E1E66B1F500DD8353 /* Build configuration list for PBXProject "MessageAttachmentFilename" */;
			compatibilityVersion = "Xcode 3.2";
			developmentRegion = English;
			hasScannedForEncodings = 0;
			knownRegions = (
				en,
				Base,
			);
			mainGroup = F8B0690A1E66B1F500DD8353;
			productRefGroup = F8B069121E66B1F500DD8353 /* Products */;
			projectDirPath = "";
			projectRoot = "";
			targets = (
				F8B0691A1E66B1F500DD8353 /* MessagesExtension */,
			);
		};
/* End PBXProject section */

/* Begin PBXResourcesBuildPhase section */
		F8B069191E66B1F500DD8353 /* Resources */ = {
			isa = PBXResourcesBuildPhase;
			buildActionMask = 2147483647;
			files = (
				F8B069291E66B1F500DD8353 /* Assets.xcassets in Resources */,
				F8B069271E66B1F500DD8353 /* MainInterface.storyboard in Resources */,
				F89444691E66B63D00720CE2 /* Document.pdf in Resources */,
			);
			runOnlyForDeploymentPostprocessing = 0;
		};
/* End PBXResourcesBuildPhase section */

/* Begin PBXSourcesBuildPhase section */
		F8B069171E66B1F500DD8353 /* Sources */ = {
			isa = PBXSourcesBuildPhase;
			buildActionMask = 2147483647;
			files = (
				F8B069241E66B1F500DD8353 /* MessagesViewController.swift in Sources */,
			);
			runOnlyForDeploymentPostprocessing = 0;
		};
/* End PBXSourcesBuildPhase section */

/* Begin PBXVariantGroup section */
		F8B069251E66B1F500DD8353 /* MainInterface.storyboard */ = {
			isa = PBXVariantGroup;
			children = (
				F8B069261E66B1F500DD8353 /* Base */,
			);
			name = MainInterface.storyboard;
			sourceTree = "<group>";
		};
/* End PBXVariantGroup section */

/* Begin XCBuildConfiguration section */
		F8B0692B1E66B1F500DD8353 /* Debug */ = {
			isa = XCBuildConfiguration;
			buildSettings = {
				ALWAYS_SEARCH_USER_PATHS = NO;
				CLANG_ANALYZER_NONNULL = YES;
				CLANG_CXX_LANGUAGE_STANDARD = "gnu++0x";
				CLANG_CXX_LIBRARY = "libc++";
				CLANG_ENABLE_MODULES = YES;
				CLANG_ENABLE_OBJC_ARC = YES;
				CLANG_WARN_BOOL_CONVERSION = YES;
				CLANG_WARN_CONSTANT_CONVERSION = YES;
				CLANG_WARN_DIRECT_OBJC_ISA_USAGE = YES_ERROR;
				CLANG_WARN_DOCUMENTATION_COMMENTS = YES;
				CLANG_WARN_EMPTY_BODY = YES;
				CLANG_WARN_ENUM_CONVERSION = YES;
				CLANG_WARN_INFINITE_RECURSION = YES;
				CLANG_WARN_INT_CONVERSION = YES;
				CLANG_WARN_OBJC_ROOT_CLASS = YES_ERROR;
				CLANG_WARN_SUSPICIOUS_MOVE = YES;
				CLANG_WARN_UNREACHABLE_CODE = YES;
				CLANG_WARN__DUPLICATE_METHOD_MATCH = YES;
				"CODE_SIGN_IDENTITY[sdk=iphoneos*]" = "iPhone Developer";
				COPY_PHASE_STRIP = NO;
				DEBUG_INFORMATION_FORMAT = dwarf;
				ENABLE_STRICT_OBJC_MSGSEND = YES;
				ENABLE_TESTABILITY = YES;
				GCC_C_LANGUAGE_STANDARD = gnu99;
				GCC_DYNAMIC_NO_PIC = NO;
				GCC_NO_COMMON_BLOCKS = YES;
				GCC_OPTIMIZATION_LEVEL = 0;
				GCC_PREPROCESSOR_DEFINITIONS = (
					"DEBUG=1",
					"$(inherited)",
				);
				GCC_WARN_64_TO_32_BIT_CONVERSION = YES;
				GCC_WARN_ABOUT_RETURN_TYPE = YES_ERROR;
				GCC_WARN_UNDECLARED_SELECTOR = YES;
				GCC_WARN_UNINITIALIZED_AUTOS = YES_AGGRESSIVE;
				GCC_WARN_UNUSED_FUNCTION = YES;
				GCC_WARN_UNUSED_VARIABLE = YES;
				IPHONEOS_DEPLOYMENT_TARGET = 10.2;
				MTL_ENABLE_DEBUG_INFO = YES;
				ONLY_ACTIVE_ARCH = YES;
				SDKROOT = iphoneos;
				SWIFT_ACTIVE_COMPILATION_CONDITIONS = DEBUG;
				SWIFT_OPTIMIZATION_LEVEL = "-Onone";
				TARGETED_DEVICE_FAMILY = "1,2";
			};
			name = Debug;
		};
		F8B0692C1E66B1F500DD8353 /* Release */ = {
			isa = XCBuildConfiguration;
			buildSettings = {
				ALWAYS_SEARCH_USER_PATHS = NO;
				CLANG_ANALYZER_NONNULL = YES;
				CLANG_CXX_LANGUAGE_STANDARD = "gnu++0x";
				CLANG_CXX_LIBRARY = "libc++";
				CLANG_ENABLE_MODULES = YES;
				CLANG_ENABLE_OBJC_ARC = YES;
				CLANG_WARN_BOOL_CONVERSION = YES;
				CLANG_WARN_CONSTANT_CONVERSION = YES;
				CLANG_WARN_DIRECT_OBJC_ISA_USAGE = YES_ERROR;
				CLANG_WARN_DOCUMENTATION_COMMENTS = YES;
				CLANG_WARN_EMPTY_BODY = YES;
				CLANG_WARN_ENUM_CONVERSION = YES;
				CLANG_WARN_INFINITE_RECURSION = YES;
				CLANG_WARN_INT_CONVERSION = YES;
				CLANG_WARN_OBJC_ROOT_CLASS = YES_ERROR;
				CLANG_WARN_SUSPICIOUS_MOVE = YES;
				CLANG_WARN_UNREACHABLE_CODE = YES;
				CLANG_WARN__DUPLICATE_METHOD_MATCH = YES;
				"CODE_SIGN_IDENTITY[sdk=iphoneos*]" = "iPhone Developer";
				COPY_PHASE_STRIP = NO;
				DEBUG_INFORMATION_FORMAT = "dwarf-with-dsym";
				ENABLE_NS_ASSERTIONS = NO;
				ENABLE_STRICT_OBJC_MSGSEND = YES;
				GCC_C_LANGUAGE_STANDARD = gnu99;
				GCC_NO_COMMON_BLOCKS = YES;
				GCC_WARN_64_TO_32_BIT_CONVERSION = YES;
				GCC_WARN_ABOUT_RETURN_TYPE = YES_ERROR;
				GCC_WARN_UNDECLARED_SELECTOR = YES;
				GCC_WARN_UNINITIALIZED_AUTOS = YES_AGGRESSIVE;
				GCC_WARN_UNUSED_FUNCTION = YES;
				GCC_WARN_UNUSED_VARIABLE = YES;
				IPHONEOS_DEPLOYMENT_TARGET = 10.2;
				MTL_ENABLE_DEBUG_INFO = NO;
				SDKROOT = iphoneos;
				SWIFT_OPTIMIZATION_LEVEL = "-Owholemodule";
				TARGETED_DEVICE_FAMILY = "1,2";
				VALIDATE_PRODUCT = YES;
			};
			name = Release;
		};
		F8B0692E1E66B1F500DD8353 /* Debug */ = {
			isa = XCBuildConfiguration;
			buildSettings = {
				ASSETCATALOG_COMPILER_APPICON_NAME = "iMessage App Icon";
				DEVELOPMENT_TEAM = 4YCRL5LW7Q;
				INFOPLIST_FILE = MessagesExtension/Info.plist;
				LD_RUNPATH_SEARCH_PATHS = "$(inherited) @executable_path/Frameworks @executable_path/../../Frameworks";
				PRODUCT_BUNDLE_IDENTIFIER = com.pspdfkit.MessageAttachmentFilename.MessagesExtension;
				PRODUCT_NAME = "$(TARGET_NAME)";
				SKIP_INSTALL = YES;
				SWIFT_VERSION = 3.0;
			};
			name = Debug;
		};
		F8B0692F1E66B1F500DD8353 /* Release */ = {
			isa = XCBuildConfiguration;
			buildSettings = {
				ASSETCATALOG_COMPILER_APPICON_NAME = "iMessage App Icon";
				DEVELOPMENT_TEAM = 4YCRL5LW7Q;
				INFOPLIST_FILE = MessagesExtension/Info.plist;
				LD_RUNPATH_SEARCH_PATHS = "$(inherited) @executable_path/Frameworks @executable_path/../../Frameworks";
				PRODUCT_BUNDLE_IDENTIFIER = com.pspdfkit.MessageAttachmentFilename.MessagesExtension;
				PRODUCT_NAME = "$(TARGET_NAME)";
				SKIP_INSTALL = YES;
				SWIFT_VERSION = 3.0;
			};
			name = Release;
		};
/* End XCBuildConfiguration section */

/* Begin XCConfigurationList section */
		F8B0690E1E66B1F500DD8353 /* Build configuration list for PBXProject "MessageAttachmentFilename" */ = {
			isa = XCConfigurationList;
			buildConfigurations = (
				F8B0692B1E66B1F500DD8353 /* Debug */,
				F8B0692C1E66B1F500DD8353 /* Release */,
			);
			defaultConfigurationIsVisible = 0;
			defaultConfigurationName = Release;
		};
		F8B0692D1E66B1F500DD8353 /* Build configuration list for PBXNativeTarget "MessagesExtension" */ = {
			isa = XCConfigurationList;
			buildConfigurations = (
				F8B0692E1E66B1F500DD8353 /* Debug */,
				F8B0692F1E66B1F500DD8353 /* Release */,
			);
			defaultConfigurationIsVisible = 0;
			defaultConfigurationName = Release;
		};
/* End XCConfigurationList section */
	};
	rootObject = F8B0690B1E66B1F500DD8353 /* Project object */;
}
