// !$*UTF8*$!
{
	archiveVersion = 1;
	classes = {
	};
	objectVersion = 46;
	objects = {

/* Begin PBXBuildFile section */
		BF1C062A1D76E9D000049F4D /* AppDelegate.swift in Sources */ = {isa = PBXBuildFile; fileRef = BF1C06291D76E9D000049F4D /* AppDelegate.swift */; };
		BF1C062C1D76E9D000049F4D /* ViewController.swift in Sources */ = {isa = PBXBuildFile; fileRef = BF1C062B1D76E9D000049F4D /* ViewController.swift */; };
		BF1C062F1D76E9D000049F4D /* Main.storyboard in Resources */ = {isa = PBXBuildFile; fileRef = BF1C062D1D76E9D000049F4D /* Main.storyboard */; };
		BF1C06311D76E9D100049F4D /* Assets.xcassets in Resources */ = {isa = PBXBuildFile; fileRef = BF1C06301D76E9D100049F4D /* Assets.xcassets */; };
		BF1C06341D76E9D100049F4D /* LaunchScreen.storyboard in Resources */ = {isa = PBXBuildFile; fileRef = BF1C06321D76E9D100049F4D /* LaunchScreen.storyboard */; };
/* End PBXBuildFile section */

/* Begin PBXFileReference section */
		BF1C06261D76E9D000049F4D /* BarButtonTests.app */ = {isa = PBXFileReference; explicitFileType = wrapper.application; includeInIndex = 0; path = BarButtonTests.app; sourceTree = BUILT_PRODUCTS_DIR; };
		BF1C06291D76E9D000049F4D /* AppDelegate.swift */ = {isa = PBXFileReference; lastKnownFileType = sourcecode.swift; path = AppDelegate.swift; sourceTree = "<group>"; };
		BF1C062B1D76E9D000049F4D /* ViewController.swift */ = {isa = PBXFileReference; lastKnownFileType = sourcecode.swift; path = ViewController.swift; sourceTree = "<group>"; };
		BF1C062E1D76E9D000049F4D /* Base */ = {isa = PBXFileReference; lastKnownFileType = file.storyboard; name = Base; path = Base.lproj/Main.storyboard; sourceTree = "<group>"; };
		BF1C06301D76E9D100049F4D /* Assets.xcassets */ = {isa = PBXFileReference; lastKnownFileType = folder.assetcatalog; path = Assets.xcassets; sourceTree = "<group>"; };
		BF1C06331D76E9D100049F4D /* Base */ = {isa = PBXFileReference; lastKnownFileType = file.storyboard; name = Base; path = Base.lproj/LaunchScreen.storyboard; sourceTree = "<group>"; };
		BF1C06351D76E9D100049F4D /* Info.plist */ = {isa = PBXFileReference; lastKnownFileType = text.plist.xml; path = Info.plist; sourceTree = "<group>"; };
/* End PBXFileReference section */

/* Begin PBXFrameworksBuildPhase section */
		BF1C06231D76E9D000049F4D /* Frameworks */ = {
			isa = PBXFrameworksBuildPhase;
			buildActionMask = 2147483647;
			files = (
			);
			runOnlyForDeploymentPostprocessing = 0;
		};
/* End PBXFrameworksBuildPhase section */

/* Begin PBXGroup section */
		BF1C061D1D76E9D000049F4D = {
			isa = PBXGroup;
			children = (
				BF1C06281D76E9D000049F4D /* BarButtonTests */,
				BF1C06271D76E9D000049F4D /* Products */,
			);
			sourceTree = "<group>";
		};
		BF1C06271D76E9D000049F4D /* Products */ = {
			isa = PBXGroup;
			children = (
				BF1C06261D76E9D000049F4D /* BarButtonTests.app */,
			);
			name = Products;
			sourceTree = "<group>";
		};
		BF1C06281D76E9D000049F4D /* BarButtonTests */ = {
			isa = PBXGroup;
			children = (
				BF1C06291D76E9D000049F4D /* AppDelegate.swift */,
				BF1C062B1D76E9D000049F4D /* ViewController.swift */,
				BF1C062D1D76E9D000049F4D /* Main.storyboard */,
				BF1C06301D76E9D100049F4D /* Assets.xcassets */,
				BF1C06321D76E9D100049F4D /* LaunchScreen.storyboard */,
				BF1C06351D76E9D100049F4D /* Info.plist */,
			);
			path = BarButtonTests;
			sourceTree = "<group>";
		};
/* End PBXGroup section */

/* Begin PBXNativeTarget section */
		BF1C06251D76E9D000049F4D /* BarButtonTests */ = {
			isa = PBXNativeTarget;
			buildConfigurationList = BF1C06381D76E9D100049F4D /* Build configuration list for PBXNativeTarget "BarButtonTests" */;
			buildPhases = (
				BF1C06221D76E9D000049F4D /* Sources */,
				BF1C06231D76E9D000049F4D /* Frameworks */,
				BF1C06241D76E9D000049F4D /* Resources */,
			);
			buildRules = (
			);
			dependencies = (
			);
			name = BarButtonTests;
			productName = BarButtonTests;
			productReference = BF1C06261D76E9D000049F4D /* BarButtonTests.app */;
			productType = "com.apple.product-type.application";
		};
/* End PBXNativeTarget section */

/* Begin PBXProject section */
		BF1C061E1D76E9D000049F4D /* Project object */ = {
			isa = PBXProject;
			attributes = {
				LastSwiftUpdateCheck = 0800;
				LastUpgradeCheck = 0800;
				ORGANIZATIONNAME = caughtinflux;
				TargetAttributes = {
					BF1C06251D76E9D000049F4D = {
						CreatedOnToolsVersion = 8.0;
						DevelopmentTeam = 2C88P4J89F;
						ProvisioningStyle = Automatic;
					};
				};
			};
			buildConfigurationList = BF1C06211D76E9D000049F4D /* Build configuration list for PBXProject "BarButtonTests" */;
			compatibilityVersion = "Xcode 3.2";
			developmentRegion = English;
			hasScannedForEncodings = 0;
			knownRegions = (
				en,
				Base,
			);
			mainGroup = BF1C061D1D76E9D000049F4D;
			productRefGroup = BF1C06271D76E9D000049F4D /* Products */;
			projectDirPath = "";
			projectRoot = "";
			targets = (
				BF1C06251D76E9D000049F4D /* BarButtonTests */,
			);
		};
/* End PBXProject section */

/* Begin PBXResourcesBuildPhase section */
		BF1C06241D76E9D000049F4D /* Resources */ = {
			isa = PBXResourcesBuildPhase;
			buildActionMask = 2147483647;
			files = (
				BF1C06341D76E9D100049F4D /* LaunchScreen.storyboard in Resources */,
				BF1C06311D76E9D100049F4D /* Assets.xcassets in Resources */,
				BF1C062F1D76E9D000049F4D /* Main.storyboard in Resources */,
			);
			runOnlyForDeploymentPostprocessing = 0;
		};
/* End PBXResourcesBuildPhase section */

/* Begin PBXSourcesBuildPhase section */
		BF1C06221D76E9D000049F4D /* Sources */ = {
			isa = PBXSourcesBuildPhase;
			buildActionMask = 2147483647;
			files = (
				BF1C062C1D76E9D000049F4D /* ViewController.swift in Sources */,
				BF1C062A1D76E9D000049F4D /* AppDelegate.swift in Sources */,
			);
			runOnlyForDeploymentPostprocessing = 0;
		};
/* End PBXSourcesBuildPhase section */

/* Begin PBXVariantGroup section */
		BF1C062D1D76E9D000049F4D /* Main.storyboard */ = {
			isa = PBXVariantGroup;
			children = (
				BF1C062E1D76E9D000049F4D /* Base */,
			);
			name = Main.storyboard;
			sourceTree = "<group>";
		};
		BF1C06321D76E9D100049F4D /* LaunchScreen.storyboard */ = {
			isa = PBXVariantGroup;
			children = (
				BF1C06331D76E9D100049F4D /* Base */,
			);
			name = LaunchScreen.storyboard;
			sourceTree = "<group>";
		};
/* End PBXVariantGroup section */

/* Begin XCBuildConfiguration section */
		BF1C06361D76E9D100049F4D /* Debug */ = {
			isa = XCBuildConfiguration;
			buildSettings = {
				ALWAYS_SEARCH_USER_PATHS = NO;
				CLANG_ANALYZER_NONNULL = YES;
				CLANG_CXX_LANGUAGE_STANDARD = "gnu++0x";
				CLANG_CXX_LIBRARY = "libc++";
				CLANG_ENABLE_MODULES = YES;
				CLANG_ENABLE_OBJC_ARC = YES;
				CLANG_WARN_BOOL_CONVERSION = YES;
				CLANG_WARN_CONSTANT_CONVERSION = YES;
				CLANG_WARN_DIRECT_OBJC_ISA_USAGE = YES_ERROR;
				CLANG_WARN_DOCUMENTATION_COMMENTS = YES;
				CLANG_WARN_EMPTY_BODY = YES;
				CLANG_WARN_ENUM_CONVERSION = YES;
				CLANG_WARN_INFINITE_RECURSION = YES;
				CLANG_WARN_INT_CONVERSION = YES;
				CLANG_WARN_OBJC_ROOT_CLASS = YES_ERROR;
				CLANG_WARN_SUSPICIOUS_MOVES = YES;
				CLANG_WARN_UNREACHABLE_CODE = YES;
				CLANG_WARN__DUPLICATE_METHOD_MATCH = YES;
				"CODE_SIGN_IDENTITY[sdk=iphoneos*]" = "iPhone Developer";
				COPY_PHASE_STRIP = NO;
				DEBUG_INFORMATION_FORMAT = dwarf;
				ENABLE_STRICT_OBJC_MSGSEND = YES;
				ENABLE_TESTABILITY = YES;
				GCC_C_LANGUAGE_STANDARD = gnu99;
				GCC_DYNAMIC_NO_PIC = NO;
				GCC_NO_COMMON_BLOCKS = YES;
				GCC_OPTIMIZATION_LEVEL = 0;
				GCC_PREPROCESSOR_DEFINITIONS = (
					"DEBUG=1",
					"$(inherited)",
				);
				GCC_WARN_64_TO_32_BIT_CONVERSION = YES;
				GCC_WARN_ABOUT_RETURN_TYPE = YES_ERROR;
				GCC_WARN_UNDECLARED_SELECTOR = YES;
				GCC_WARN_UNINITIALIZED_AUTOS = YES_AGGRESSIVE;
				GCC_WARN_UNUSED_FUNCTION = YES;
				GCC_WARN_UNUSED_VARIABLE = YES;
				IPHONEOS_DEPLOYMENT_TARGET = 10.0;
				MTL_ENABLE_DEBUG_INFO = YES;
				ONLY_ACTIVE_ARCH = YES;
				SDKROOT = iphoneos;
				SWIFT_ACTIVE_COMPILATION_CONDITIONS = DEBUG;
				SWIFT_OPTIMIZATION_LEVEL = "-Onone";
				TARGETED_DEVICE_FAMILY = "1,2";
			};
			name = Debug;
		};
		BF1C06371D76E9D100049F4D /* Release */ = {
			isa = XCBuildConfiguration;
			buildSettings = {
				ALWAYS_SEARCH_USER_PATHS = NO;
				CLANG_ANALYZER_NONNULL = YES;
				CLANG_CXX_LANGUAGE_STANDARD = "gnu++0x";
				CLANG_CXX_LIBRARY = "libc++";
				CLANG_ENABLE_MODULES = YES;
				CLANG_ENABLE_OBJC_ARC = YES;
				CLANG_WARN_BOOL_CONVERSION = YES;
				CLANG_WARN_CONSTANT_CONVERSION = YES;
				CLANG_WARN_DIRECT_OBJC_ISA_USAGE = YES_ERROR;
				CLANG_WARN_DOCUMENTATION_COMMENTS = YES;
				CLANG_WARN_EMPTY_BODY = YES;
				CLANG_WARN_ENUM_CONVERSION = YES;
				CLANG_WARN_INFINITE_RECURSION = YES;
				CLANG_WARN_INT_CONVERSION = YES;
				CLANG_WARN_OBJC_ROOT_CLASS = YES_ERROR;
				CLANG_WARN_SUSPICIOUS_MOVES = YES;
				CLANG_WARN_UNREACHABLE_CODE = YES;
				CLANG_WARN__DUPLICATE_METHOD_MATCH = YES;
				"CODE_SIGN_IDENTITY[sdk=iphoneos*]" = "iPhone Developer";
				COPY_PHASE_STRIP = NO;
				DEBUG_INFORMATION_FORMAT = "dwarf-with-dsym";
				ENABLE_NS_ASSERTIONS = NO;
				ENABLE_STRICT_OBJC_MSGSEND = YES;
				GCC_C_LANGUAGE_STANDARD = gnu99;
				GCC_NO_COMMON_BLOCKS = YES;
				GCC_WARN_64_TO_32_BIT_CONVERSION = YES;
				GCC_WARN_ABOUT_RETURN_TYPE = YES_ERROR;
				GCC_WARN_UNDECLARED_SELECTOR = YES;
				GCC_WARN_UNINITIALIZED_AUTOS = YES_AGGRESSIVE;
				GCC_WARN_UNUSED_FUNCTION = YES;
				GCC_WARN_UNUSED_VARIABLE = YES;
				IPHONEOS_DEPLOYMENT_TARGET = 10.0;
				MTL_ENABLE_DEBUG_INFO = NO;
				SDKROOT = iphoneos;
				SWIFT_OPTIMIZATION_LEVEL = "-Owholemodule";
				TARGETED_DEVICE_FAMILY = "1,2";
				VALIDATE_PRODUCT = YES;
			};
			name = Release;
		};
		BF1C06391D76E9D100049F4D /* Debug */ = {
			isa = XCBuildConfiguration;
			buildSettings = {
				ASSETCATALOG_COMPILER_APPICON_NAME = AppIcon;
				DEVELOPMENT_TEAM = 2C88P4J89F;
				INFOPLIST_FILE = BarButtonTests/Info.plist;
				IPHONEOS_DEPLOYMENT_TARGET = 9.0;
				LD_RUNPATH_SEARCH_PATHS = "$(inherited) @executable_path/Frameworks";
				PRODUCT_BUNDLE_IDENTIFIER = com.caughtinflux.BarButtonTests;
				PRODUCT_NAME = "$(TARGET_NAME)";
				SWIFT_VERSION = 3.0;
			};
			name = Debug;
		};
		BF1C063A1D76E9D100049F4D /* Release */ = {
			isa = XCBuildConfiguration;
			buildSettings = {
				ASSETCATALOG_COMPILER_APPICON_NAME = AppIcon;
				DEVELOPMENT_TEAM = 2C88P4J89F;
				INFOPLIST_FILE = BarButtonTests/Info.plist;
				IPHONEOS_DEPLOYMENT_TARGET = 9.0;
				LD_RUNPATH_SEARCH_PATHS = "$(inherited) @executable_path/Frameworks";
				PRODUCT_BUNDLE_IDENTIFIER = com.caughtinflux.BarButtonTests;
				PRODUCT_NAME = "$(TARGET_NAME)";
				SWIFT_VERSION = 3.0;
			};
			name = Release;
		};
/* End XCBuildConfiguration section */

/* Begin XCConfigurationList section */
		BF1C06211D76E9D000049F4D /* Build configuration list for PBXProject "BarButtonTests" */ = {
			isa = XCConfigurationList;
			buildConfigurations = (
				BF1C06361D76E9D100049F4D /* Debug */,
				BF1C06371D76E9D100049F4D /* Release */,
			);
			defaultConfigurationIsVisible = 0;
			defaultConfigurationName = Release;
		};
		BF1C06381D76E9D100049F4D /* Build configuration list for PBXNativeTarget "BarButtonTests" */ = {
			isa = XCConfigurationList;
			buildConfigurations = (
				BF1C06391D76E9D100049F4D /* Debug */,
				BF1C063A1D76E9D100049F4D /* Release */,
			);
			defaultConfigurationIsVisible = 0;
			defaultConfigurationName = Release;
		};
/* End XCConfigurationList section */
	};
	rootObject = BF1C061E1D76E9D000049F4D /* Project object */;
}
