// !$*UTF8*$!
{
	archiveVersion = 1;
	classes = {
	};
	objectVersion = 50;
	objects = {

/* Begin PBXBuildFile section */
		78B7CA3D254AEAF200B58424 /* AppDelegate.swift in Sources */ = {isa = PBXBuildFile; fileRef = 78B7CA3C254AEAF200B58424 /* AppDelegate.swift */; };
		78B7CA3F254AEAF200B58424 /* SceneDelegate.swift in Sources */ = {isa = PBXBuildFile; fileRef = 78B7CA3E254AEAF200B58424 /* SceneDelegate.swift */; };
		78B7CA41254AEAF200B58424 /* ViewController.swift in Sources */ = {isa = PBXBuildFile; fileRef = 78B7CA40254AEAF200B58424 /* ViewController.swift */; };
		78B7CA44254AEAF200B58424 /* Main.storyboard in Resources */ = {isa = PBXBuildFile; fileRef = 78B7CA42254AEAF200B58424 /* Main.storyboard */; };
		78B7CA46254AEAF400B58424 /* Assets.xcassets in Resources */ = {isa = PBXBuildFile; fileRef = 78B7CA45254AEAF400B58424 /* Assets.xcassets */; };
		78B7CA49254AEAF400B58424 /* LaunchScreen.storyboard in Resources */ = {isa = PBXBuildFile; fileRef = 78B7CA47254AEAF400B58424 /* LaunchScreen.storyboard */; };
/* End PBXBuildFile section */

/* Begin PBXFileReference section */
		78B7CA39254AEAF200B58424 /* SearchControllerDeallocIssue.app */ = {isa = PBXFileReference; explicitFileType = wrapper.application; includeInIndex = 0; path = SearchControllerDeallocIssue.app; sourceTree = BUILT_PRODUCTS_DIR; };
		78B7CA3C254AEAF200B58424 /* AppDelegate.swift */ = {isa = PBXFileReference; lastKnownFileType = sourcecode.swift; path = AppDelegate.swift; sourceTree = "<group>"; };
		78B7CA3E254AEAF200B58424 /* SceneDelegate.swift */ = {isa = PBXFileReference; lastKnownFileType = sourcecode.swift; path = SceneDelegate.swift; sourceTree = "<group>"; };
		78B7CA40254AEAF200B58424 /* ViewController.swift */ = {isa = PBXFileReference; lastKnownFileType = sourcecode.swift; path = ViewController.swift; sourceTree = "<group>"; };
		78B7CA43254AEAF200B58424 /* Base */ = {isa = PBXFileReference; lastKnownFileType = file.storyboard; name = Base; path = Base.lproj/Main.storyboard; sourceTree = "<group>"; };
		78B7CA45254AEAF400B58424 /* Assets.xcassets */ = {isa = PBXFileReference; lastKnownFileType = folder.assetcatalog; path = Assets.xcassets; sourceTree = "<group>"; };
		78B7CA48254AEAF400B58424 /* Base */ = {isa = PBXFileReference; lastKnownFileType = file.storyboard; name = Base; path = Base.lproj/LaunchScreen.storyboard; sourceTree = "<group>"; };
		78B7CA4A254AEAF400B58424 /* Info.plist */ = {isa = PBXFileReference; lastKnownFileType = text.plist.xml; path = Info.plist; sourceTree = "<group>"; };
/* End PBXFileReference section */

/* Begin PBXFrameworksBuildPhase section */
		78B7CA36254AEAF200B58424 /* Frameworks */ = {
			isa = PBXFrameworksBuildPhase;
			buildActionMask = 2147483647;
			files = (
			);
			runOnlyForDeploymentPostprocessing = 0;
		};
/* End PBXFrameworksBuildPhase section */

/* Begin PBXGroup section */
		78B7CA30254AEAF200B58424 = {
			isa = PBXGroup;
			children = (
				78B7CA3B254AEAF200B58424 /* SearchControllerDeallocIssue */,
				78B7CA3A254AEAF200B58424 /* Products */,
			);
			sourceTree = "<group>";
		};
		78B7CA3A254AEAF200B58424 /* Products */ = {
			isa = PBXGroup;
			children = (
				78B7CA39254AEAF200B58424 /* SearchControllerDeallocIssue.app */,
			);
			name = Products;
			sourceTree = "<group>";
		};
		78B7CA3B254AEAF200B58424 /* SearchControllerDeallocIssue */ = {
			isa = PBXGroup;
			children = (
				78B7CA3C254AEAF200B58424 /* AppDelegate.swift */,
				78B7CA3E254AEAF200B58424 /* SceneDelegate.swift */,
				78B7CA40254AEAF200B58424 /* ViewController.swift */,
				78B7CA42254AEAF200B58424 /* Main.storyboard */,
				78B7CA45254AEAF400B58424 /* Assets.xcassets */,
				78B7CA47254AEAF400B58424 /* LaunchScreen.storyboard */,
				78B7CA4A254AEAF400B58424 /* Info.plist */,
			);
			path = SearchControllerDeallocIssue;
			sourceTree = "<group>";
		};
/* End PBXGroup section */

/* Begin PBXNativeTarget section */
		78B7CA38254AEAF200B58424 /* SearchControllerDeallocIssue */ = {
			isa = PBXNativeTarget;
			buildConfigurationList = 78B7CA4D254AEAF400B58424 /* Build configuration list for PBXNativeTarget "SearchControllerDeallocIssue" */;
			buildPhases = (
				78B7CA35254AEAF200B58424 /* Sources */,
				78B7CA36254AEAF200B58424 /* Frameworks */,
				78B7CA37254AEAF200B58424 /* Resources */,
			);
			buildRules = (
			);
			dependencies = (
			);
			name = SearchControllerDeallocIssue;
			productName = SearchControllerDeallocIssue;
			productReference = 78B7CA39254AEAF200B58424 /* SearchControllerDeallocIssue.app */;
			productType = "com.apple.product-type.application";
		};
/* End PBXNativeTarget section */

/* Begin PBXProject section */
		78B7CA31254AEAF200B58424 /* Project object */ = {
			isa = PBXProject;
			attributes = {
				LastSwiftUpdateCheck = 1220;
				LastUpgradeCheck = 1220;
				TargetAttributes = {
					78B7CA38254AEAF200B58424 = {
						CreatedOnToolsVersion = 12.2;
					};
				};
			};
			buildConfigurationList = 78B7CA34254AEAF200B58424 /* Build configuration list for PBXProject "SearchControllerDeallocIssue" */;
			compatibilityVersion = "Xcode 9.3";
			developmentRegion = en;
			hasScannedForEncodings = 0;
			knownRegions = (
				en,
				Base,
			);
			mainGroup = 78B7CA30254AEAF200B58424;
			productRefGroup = 78B7CA3A254AEAF200B58424 /* Products */;
			projectDirPath = "";
			projectRoot = "";
			targets = (
				78B7CA38254AEAF200B58424 /* SearchControllerDeallocIssue */,
			);
		};
/* End PBXProject section */

/* Begin PBXResourcesBuildPhase section */
		78B7CA37254AEAF200B58424 /* Resources */ = {
			isa = PBXResourcesBuildPhase;
			buildActionMask = 2147483647;
			files = (
				78B7CA49254AEAF400B58424 /* LaunchScreen.storyboard in Resources */,
				78B7CA46254AEAF400B58424 /* Assets.xcassets in Resources */,
				78B7CA44254AEAF200B58424 /* Main.storyboard in Resources */,
			);
			runOnlyForDeploymentPostprocessing = 0;
		};
/* End PBXResourcesBuildPhase section */

/* Begin PBXSourcesBuildPhase section */
		78B7CA35254AEAF200B58424 /* Sources */ = {
			isa = PBXSourcesBuildPhase;
			buildActionMask = 2147483647;
			files = (
				78B7CA41254AEAF200B58424 /* ViewController.swift in Sources */,
				78B7CA3D254AEAF200B58424 /* AppDelegate.swift in Sources */,
				78B7CA3F254AEAF200B58424 /* SceneDelegate.swift in Sources */,
			);
			runOnlyForDeploymentPostprocessing = 0;
		};
/* End PBXSourcesBuildPhase section */

/* Begin PBXVariantGroup section */
		78B7CA42254AEAF200B58424 /* Main.storyboard */ = {
			isa = PBXVariantGroup;
			children = (
				78B7CA43254AEAF200B58424 /* Base */,
			);
			name = Main.storyboard;
			sourceTree = "<group>";
		};
		78B7CA47254AEAF400B58424 /* LaunchScreen.storyboard */ = {
			isa = PBXVariantGroup;
			children = (
				78B7CA48254AEAF400B58424 /* Base */,
			);
			name = LaunchScreen.storyboard;
			sourceTree = "<group>";
		};
/* End PBXVariantGroup section */

/* Begin XCBuildConfiguration section */
		78B7CA4B254AEAF400B58424 /* Debug */ = {
			isa = XCBuildConfiguration;
			buildSettings = {
				ALWAYS_SEARCH_USER_PATHS = NO;
				CLANG_ANALYZER_NONNULL = YES;
				CLANG_ANALYZER_NUMBER_OBJECT_CONVERSION = YES_AGGRESSIVE;
				CLANG_CXX_LANGUAGE_STANDARD = "gnu++14";
				CLANG_CXX_LIBRARY = "libc++";
				CLANG_ENABLE_MODULES = YES;
				CLANG_ENABLE_OBJC_ARC = YES;
				CLANG_ENABLE_OBJC_WEAK = YES;
				CLANG_WARN_BLOCK_CAPTURE_AUTORELEASING = YES;
				CLANG_WARN_BOOL_CONVERSION = YES;
				CLANG_WARN_COMMA = YES;
				CLANG_WARN_CONSTANT_CONVERSION = YES;
				CLANG_WARN_DEPRECATED_OBJC_IMPLEMENTATIONS = YES;
				CLANG_WARN_DIRECT_OBJC_ISA_USAGE = YES_ERROR;
				CLANG_WARN_DOCUMENTATION_COMMENTS = YES;
				CLANG_WARN_EMPTY_BODY = YES;
				CLANG_WARN_ENUM_CONVERSION = YES;
				CLANG_WARN_INFINITE_RECURSION = YES;
				CLANG_WARN_INT_CONVERSION = YES;
				CLANG_WARN_NON_LITERAL_NULL_CONVERSION = YES;
				CLANG_WARN_OBJC_IMPLICIT_RETAIN_SELF = YES;
				CLANG_WARN_OBJC_LITERAL_CONVERSION = YES;
				CLANG_WARN_OBJC_ROOT_CLASS = YES_ERROR;
				CLANG_WARN_QUOTED_INCLUDE_IN_FRAMEWORK_HEADER = YES;
				CLANG_WARN_RANGE_LOOP_ANALYSIS = YES;
				CLANG_WARN_STRICT_PROTOTYPES = YES;
				CLANG_WARN_SUSPICIOUS_MOVE = YES;
				CLANG_WARN_UNGUARDED_AVAILABILITY = YES_AGGRESSIVE;
				CLANG_WARN_UNREACHABLE_CODE = YES;
				CLANG_WARN__DUPLICATE_METHOD_MATCH = YES;
				COPY_PHASE_STRIP = NO;
				DEBUG_INFORMATION_FORMAT = dwarf;
				ENABLE_STRICT_OBJC_MSGSEND = YES;
				ENABLE_TESTABILITY = YES;
				GCC_C_LANGUAGE_STANDARD = gnu11;
				GCC_DYNAMIC_NO_PIC = NO;
				GCC_NO_COMMON_BLOCKS = YES;
				GCC_OPTIMIZATION_LEVEL = 0;
				GCC_PREPROCESSOR_DEFINITIONS = (
					"DEBUG=1",
					"$(inherited)",
				);
				GCC_WARN_64_TO_32_BIT_CONVERSION = YES;
				GCC_WARN_ABOUT_RETURN_TYPE = YES_ERROR;
				GCC_WARN_UNDECLARED_SELECTOR = YES;
				GCC_WARN_UNINITIALIZED_AUTOS = YES_AGGRESSIVE;
				GCC_WARN_UNUSED_FUNCTION = YES;
				GCC_WARN_UNUSED_VARIABLE = YES;
				IPHONEOS_DEPLOYMENT_TARGET = 14.2;
				MTL_ENABLE_DEBUG_INFO = INCLUDE_SOURCE;
				MTL_FAST_MATH = YES;
				ONLY_ACTIVE_ARCH = YES;
				SDKROOT = iphoneos;
				SWIFT_ACTIVE_COMPILATION_CONDITIONS = DEBUG;
				SWIFT_OPTIMIZATION_LEVEL = "-Onone";
			};
			name = Debug;
		};
		78B7CA4C254AEAF400B58424 /* Release */ = {
			isa = XCBuildConfiguration;
			buildSettings = {
				ALWAYS_SEARCH_USER_PATHS = NO;
				CLANG_ANALYZER_NONNULL = YES;
				CLANG_ANALYZER_NUMBER_OBJECT_CONVERSION = YES_AGGRESSIVE;
				CLANG_CXX_LANGUAGE_STANDARD = "gnu++14";
				CLANG_CXX_LIBRARY = "libc++";
				CLANG_ENABLE_MODULES = YES;
				CLANG_ENABLE_OBJC_ARC = YES;
				CLANG_ENABLE_OBJC_WEAK = YES;
				CLANG_WARN_BLOCK_CAPTURE_AUTORELEASING = YES;
				CLANG_WARN_BOOL_CONVERSION = YES;
				CLANG_WARN_COMMA = YES;
				CLANG_WARN_CONSTANT_CONVERSION = YES;
				CLANG_WARN_DEPRECATED_OBJC_IMPLEMENTATIONS = YES;
				CLANG_WARN_DIRECT_OBJC_ISA_USAGE = YES_ERROR;
				CLANG_WARN_DOCUMENTATION_COMMENTS = YES;
				CLANG_WARN_EMPTY_BODY = YES;
				CLANG_WARN_ENUM_CONVERSION = YES;
				CLANG_WARN_INFINITE_RECURSION = YES;
				CLANG_WARN_INT_CONVERSION = YES;
				CLANG_WARN_NON_LITERAL_NULL_CONVERSION = YES;
				CLANG_WARN_OBJC_IMPLICIT_RETAIN_SELF = YES;
				CLANG_WARN_OBJC_LITERAL_CONVERSION = YES;
				CLANG_WARN_OBJC_ROOT_CLASS = YES_ERROR;
				CLANG_WARN_QUOTED_INCLUDE_IN_FRAMEWORK_HEADER = YES;
				CLANG_WARN_RANGE_LOOP_ANALYSIS = YES;
				CLANG_WARN_STRICT_PROTOTYPES = YES;
				CLANG_WARN_SUSPICIOUS_MOVE = YES;
				CLANG_WARN_UNGUARDED_AVAILABILITY = YES_AGGRESSIVE;
				CLANG_WARN_UNREACHABLE_CODE = YES;
				CLANG_WARN__DUPLICATE_METHOD_MATCH = YES;
				COPY_PHASE_STRIP = NO;
				DEBUG_INFORMATION_FORMAT = "dwarf-with-dsym";
				ENABLE_NS_ASSERTIONS = NO;
				ENABLE_STRICT_OBJC_MSGSEND = YES;
				GCC_C_LANGUAGE_STANDARD = gnu11;
				GCC_NO_COMMON_BLOCKS = YES;
				GCC_WARN_64_TO_32_BIT_CONVERSION = YES;
				GCC_WARN_ABOUT_RETURN_TYPE = YES_ERROR;
				GCC_WARN_UNDECLARED_SELECTOR = YES;
				GCC_WARN_UNINITIALIZED_AUTOS = YES_AGGRESSIVE;
				GCC_WARN_UNUSED_FUNCTION = YES;
				GCC_WARN_UNUSED_VARIABLE = YES;
				IPHONEOS_DEPLOYMENT_TARGET = 14.2;
				MTL_ENABLE_DEBUG_INFO = NO;
				MTL_FAST_MATH = YES;
				SDKROOT = iphoneos;
				SWIFT_COMPILATION_MODE = wholemodule;
				SWIFT_OPTIMIZATION_LEVEL = "-O";
				VALIDATE_PRODUCT = YES;
			};
			name = Release;
		};
		78B7CA4E254AEAF400B58424 /* Debug */ = {
			isa = XCBuildConfiguration;
			buildSettings = {
				ASSETCATALOG_COMPILER_APPICON_NAME = AppIcon;
				ASSETCATALOG_COMPILER_GLOBAL_ACCENT_COLOR_NAME = AccentColor;
				CODE_SIGN_STYLE = Automatic;
				DEVELOPMENT_TEAM = Y5PE65HELJ;
				INFOPLIST_FILE = SearchControllerDeallocIssue/Info.plist;
				LD_RUNPATH_SEARCH_PATHS = (
					"$(inherited)",
					"@executable_path/Frameworks",
				);
				PRODUCT_BUNDLE_IDENTIFIER = com.pspdfkit.SearchControllerDeallocIssue;
				PRODUCT_NAME = "$(TARGET_NAME)";
				SWIFT_VERSION = 5.0;
				TARGETED_DEVICE_FAMILY = "1,2";
			};
			name = Debug;
		};
		78B7CA4F254AEAF400B58424 /* Release */ = {
			isa = XCBuildConfiguration;
			buildSettings = {
				ASSETCATALOG_COMPILER_APPICON_NAME = AppIcon;
				ASSETCATALOG_COMPILER_GLOBAL_ACCENT_COLOR_NAME = AccentColor;
				CODE_SIGN_STYLE = Automatic;
				DEVELOPMENT_TEAM = Y5PE65HELJ;
				INFOPLIST_FILE = SearchControllerDeallocIssue/Info.plist;
				LD_RUNPATH_SEARCH_PATHS = (
					"$(inherited)",
					"@executable_path/Frameworks",
				);
				PRODUCT_BUNDLE_IDENTIFIER = com.pspdfkit.SearchControllerDeallocIssue;
				PRODUCT_NAME = "$(TARGET_NAME)";
				SWIFT_VERSION = 5.0;
				TARGETED_DEVICE_FAMILY = "1,2";
			};
			name = Release;
		};
/* End XCBuildConfiguration section */

/* Begin XCConfigurationList section */
		78B7CA34254AEAF200B58424 /* Build configuration list for PBXProject "SearchControllerDeallocIssue" */ = {
			isa = XCConfigurationList;
			buildConfigurations = (
				78B7CA4B254AEAF400B58424 /* Debug */,
				78B7CA4C254AEAF400B58424 /* Release */,
			);
			defaultConfigurationIsVisible = 0;
			defaultConfigurationName = Release;
		};
		78B7CA4D254AEAF400B58424 /* Build configuration list for PBXNativeTarget "SearchControllerDeallocIssue" */ = {
			isa = XCConfigurationList;
			buildConfigurations = (
				78B7CA4E254AEAF400B58424 /* Debug */,
				78B7CA4F254AEAF400B58424 /* Release */,
			);
			defaultConfigurationIsVisible = 0;
			defaultConfigurationName = Release;
		};
/* End XCConfigurationList section */
	};
	rootObject = 78B7CA31254AEAF200B58424 /* Project object */;
}
