// !$*UTF8*$!
{
	archiveVersion = 1;
	classes = {
	};
	objectVersion = 46;
	objects = {

/* Begin PBXBuildFile section */
		D23D696C1ACD382C008C51A7 /* main.m in Sources */ = {isa = PBXBuildFile; fileRef = D23D696B1ACD382C008C51A7 /* main.m */; };
		D23D696F1ACD382C008C51A7 /* AppDelegate.m in Sources */ = {isa = PBXBuildFile; fileRef = D23D696E1ACD382C008C51A7 /* AppDelegate.m */; };
		D23D69721ACD382C008C51A7 /* ViewController.m in Sources */ = {isa = PBXBuildFile; fileRef = D23D69711ACD382C008C51A7 /* ViewController.m */; };
		D23D69751ACD382C008C51A7 /* Main.storyboard in Resources */ = {isa = PBXBuildFile; fileRef = D23D69731ACD382C008C51A7 /* Main.storyboard */; };
		D23D69771ACD382C008C51A7 /* Images.xcassets in Resources */ = {isa = PBXBuildFile; fileRef = D23D69761ACD382C008C51A7 /* Images.xcassets */; };
		D23D697A1ACD382C008C51A7 /* LaunchScreen.xib in Resources */ = {isa = PBXBuildFile; fileRef = D23D69781ACD382C008C51A7 /* LaunchScreen.xib */; };
/* End PBXBuildFile section */

/* Begin PBXContainerItemProxy section */
		D23D69801ACD382C008C51A7 /* PBXContainerItemProxy */ = {
			isa = PBXContainerItemProxy;
			containerPortal = D23D695E1ACD382C008C51A7 /* Project object */;
			proxyType = 1;
			remoteGlobalIDString = D23D69651ACD382C008C51A7;
			remoteInfo = ChildNavigationControllerNavigationBarIssue;
		};
/* End PBXContainerItemProxy section */

/* Begin PBXFileReference section */
		D23D69661ACD382C008C51A7 /* ChildNavigationControllerNavigationBarIssue.app */ = {isa = PBXFileReference; explicitFileType = wrapper.application; includeInIndex = 0; path = ChildNavigationControllerNavigationBarIssue.app; sourceTree = BUILT_PRODUCTS_DIR; };
		D23D696A1ACD382C008C51A7 /* Info.plist */ = {isa = PBXFileReference; lastKnownFileType = text.plist.xml; path = Info.plist; sourceTree = "<group>"; };
		D23D696B1ACD382C008C51A7 /* main.m */ = {isa = PBXFileReference; lastKnownFileType = sourcecode.c.objc; path = main.m; sourceTree = "<group>"; };
		D23D696D1ACD382C008C51A7 /* AppDelegate.h */ = {isa = PBXFileReference; lastKnownFileType = sourcecode.c.h; path = AppDelegate.h; sourceTree = "<group>"; };
		D23D696E1ACD382C008C51A7 /* AppDelegate.m */ = {isa = PBXFileReference; lastKnownFileType = sourcecode.c.objc; path = AppDelegate.m; sourceTree = "<group>"; };
		D23D69701ACD382C008C51A7 /* ViewController.h */ = {isa = PBXFileReference; lastKnownFileType = sourcecode.c.h; path = ViewController.h; sourceTree = "<group>"; };
		D23D69711ACD382C008C51A7 /* ViewController.m */ = {isa = PBXFileReference; lastKnownFileType = sourcecode.c.objc; path = ViewController.m; sourceTree = "<group>"; };
		D23D69741ACD382C008C51A7 /* Base */ = {isa = PBXFileReference; lastKnownFileType = file.storyboard; name = Base; path = Base.lproj/Main.storyboard; sourceTree = "<group>"; };
		D23D69761ACD382C008C51A7 /* Images.xcassets */ = {isa = PBXFileReference; lastKnownFileType = folder.assetcatalog; path = Images.xcassets; sourceTree = "<group>"; };
		D23D69791ACD382C008C51A7 /* Base */ = {isa = PBXFileReference; lastKnownFileType = file.xib; name = Base; path = Base.lproj/LaunchScreen.xib; sourceTree = "<group>"; };
		D23D697F1ACD382C008C51A7 /* ChildNavigationControllerNavigationBarIssueTests.xctest */ = {isa = PBXFileReference; explicitFileType = wrapper.cfbundle; includeInIndex = 0; path = ChildNavigationControllerNavigationBarIssueTests.xctest; sourceTree = BUILT_PRODUCTS_DIR; };
/* End PBXFileReference section */

/* Begin PBXFrameworksBuildPhase section */
		D23D69631ACD382C008C51A7 /* Frameworks */ = {
			isa = PBXFrameworksBuildPhase;
			buildActionMask = 2147483647;
			files = (
			);
			runOnlyForDeploymentPostprocessing = 0;
		};
		D23D697C1ACD382C008C51A7 /* Frameworks */ = {
			isa = PBXFrameworksBuildPhase;
			buildActionMask = 2147483647;
			files = (
			);
			runOnlyForDeploymentPostprocessing = 0;
		};
/* End PBXFrameworksBuildPhase section */

/* Begin PBXGroup section */
		D23D695D1ACD382C008C51A7 = {
			isa = PBXGroup;
			children = (
				D23D69681ACD382C008C51A7 /* ChildNavigationControllerNavigationBarIssue */,
				D23D69671ACD382C008C51A7 /* Products */,
			);
			sourceTree = "<group>";
		};
		D23D69671ACD382C008C51A7 /* Products */ = {
			isa = PBXGroup;
			children = (
				D23D69661ACD382C008C51A7 /* ChildNavigationControllerNavigationBarIssue.app */,
				D23D697F1ACD382C008C51A7 /* ChildNavigationControllerNavigationBarIssueTests.xctest */,
			);
			name = Products;
			sourceTree = "<group>";
		};
		D23D69681ACD382C008C51A7 /* ChildNavigationControllerNavigationBarIssue */ = {
			isa = PBXGroup;
			children = (
				D23D696D1ACD382C008C51A7 /* AppDelegate.h */,
				D23D696E1ACD382C008C51A7 /* AppDelegate.m */,
				D23D69701ACD382C008C51A7 /* ViewController.h */,
				D23D69711ACD382C008C51A7 /* ViewController.m */,
				D23D69731ACD382C008C51A7 /* Main.storyboard */,
				D23D69761ACD382C008C51A7 /* Images.xcassets */,
				D23D69781ACD382C008C51A7 /* LaunchScreen.xib */,
				D23D69691ACD382C008C51A7 /* Supporting Files */,
			);
			path = ChildNavigationControllerNavigationBarIssue;
			sourceTree = "<group>";
		};
		D23D69691ACD382C008C51A7 /* Supporting Files */ = {
			isa = PBXGroup;
			children = (
				D23D696A1ACD382C008C51A7 /* Info.plist */,
				D23D696B1ACD382C008C51A7 /* main.m */,
			);
			name = "Supporting Files";
			sourceTree = "<group>";
		};
/* End PBXGroup section */

/* Begin PBXNativeTarget section */
		D23D69651ACD382C008C51A7 /* ChildNavigationControllerNavigationBarIssue */ = {
			isa = PBXNativeTarget;
			buildConfigurationList = D23D69891ACD382C008C51A7 /* Build configuration list for PBXNativeTarget "ChildNavigationControllerNavigationBarIssue" */;
			buildPhases = (
				D23D69621ACD382C008C51A7 /* Sources */,
				D23D69631ACD382C008C51A7 /* Frameworks */,
				D23D69641ACD382C008C51A7 /* Resources */,
			);
			buildRules = (
			);
			dependencies = (
			);
			name = ChildNavigationControllerNavigationBarIssue;
			productName = ChildNavigationControllerNavigationBarIssue;
			productReference = D23D69661ACD382C008C51A7 /* ChildNavigationControllerNavigationBarIssue.app */;
			productType = "com.apple.product-type.application";
		};
		D23D697E1ACD382C008C51A7 /* ChildNavigationControllerNavigationBarIssueTests */ = {
			isa = PBXNativeTarget;
			buildConfigurationList = D23D698C1ACD382C008C51A7 /* Build configuration list for PBXNativeTarget "ChildNavigationControllerNavigationBarIssueTests" */;
			buildPhases = (
				D23D697B1ACD382C008C51A7 /* Sources */,
				D23D697C1ACD382C008C51A7 /* Frameworks */,
				D23D697D1ACD382C008C51A7 /* Resources */,
			);
			buildRules = (
			);
			dependencies = (
				D23D69811ACD382C008C51A7 /* PBXTargetDependency */,
			);
			name = ChildNavigationControllerNavigationBarIssueTests;
			productName = ChildNavigationControllerNavigationBarIssueTests;
			productReference = D23D697F1ACD382C008C51A7 /* ChildNavigationControllerNavigationBarIssueTests.xctest */;
			productType = "com.apple.product-type.bundle.unit-test";
		};
/* End PBXNativeTarget section */

/* Begin PBXProject section */
		D23D695E1ACD382C008C51A7 /* Project object */ = {
			isa = PBXProject;
			attributes = {
				LastUpgradeCheck = 0620;
				ORGANIZATIONNAME = PSPDFKit;
				TargetAttributes = {
					D23D69651ACD382C008C51A7 = {
						CreatedOnToolsVersion = 6.2;
					};
					D23D697E1ACD382C008C51A7 = {
						CreatedOnToolsVersion = 6.2;
						TestTargetID = D23D69651ACD382C008C51A7;
					};
				};
			};
			buildConfigurationList = D23D69611ACD382C008C51A7 /* Build configuration list for PBXProject "ChildNavigationControllerNavigationBarIssue" */;
			compatibilityVersion = "Xcode 3.2";
			developmentRegion = English;
			hasScannedForEncodings = 0;
			knownRegions = (
				en,
				Base,
			);
			mainGroup = D23D695D1ACD382C008C51A7;
			productRefGroup = D23D69671ACD382C008C51A7 /* Products */;
			projectDirPath = "";
			projectRoot = "";
			targets = (
				D23D69651ACD382C008C51A7 /* ChildNavigationControllerNavigationBarIssue */,
				D23D697E1ACD382C008C51A7 /* ChildNavigationControllerNavigationBarIssueTests */,
			);
		};
/* End PBXProject section */

/* Begin PBXResourcesBuildPhase section */
		D23D69641ACD382C008C51A7 /* Resources */ = {
			isa = PBXResourcesBuildPhase;
			buildActionMask = 2147483647;
			files = (
				D23D69751ACD382C008C51A7 /* Main.storyboard in Resources */,
				D23D697A1ACD382C008C51A7 /* LaunchScreen.xib in Resources */,
				D23D69771ACD382C008C51A7 /* Images.xcassets in Resources */,
			);
			runOnlyForDeploymentPostprocessing = 0;
		};
		D23D697D1ACD382C008C51A7 /* Resources */ = {
			isa = PBXResourcesBuildPhase;
			buildActionMask = 2147483647;
			files = (
			);
			runOnlyForDeploymentPostprocessing = 0;
		};
/* End PBXResourcesBuildPhase section */

/* Begin PBXSourcesBuildPhase section */
		D23D69621ACD382C008C51A7 /* Sources */ = {
			isa = PBXSourcesBuildPhase;
			buildActionMask = 2147483647;
			files = (
				D23D69721ACD382C008C51A7 /* ViewController.m in Sources */,
				D23D696F1ACD382C008C51A7 /* AppDelegate.m in Sources */,
				D23D696C1ACD382C008C51A7 /* main.m in Sources */,
			);
			runOnlyForDeploymentPostprocessing = 0;
		};
		D23D697B1ACD382C008C51A7 /* Sources */ = {
			isa = PBXSourcesBuildPhase;
			buildActionMask = 2147483647;
			files = (
			);
			runOnlyForDeploymentPostprocessing = 0;
		};
/* End PBXSourcesBuildPhase section */

/* Begin PBXTargetDependency section */
		D23D69811ACD382C008C51A7 /* PBXTargetDependency */ = {
			isa = PBXTargetDependency;
			target = D23D69651ACD382C008C51A7 /* ChildNavigationControllerNavigationBarIssue */;
			targetProxy = D23D69801ACD382C008C51A7 /* PBXContainerItemProxy */;
		};
/* End PBXTargetDependency section */

/* Begin PBXVariantGroup section */
		D23D69731ACD382C008C51A7 /* Main.storyboard */ = {
			isa = PBXVariantGroup;
			children = (
				D23D69741ACD382C008C51A7 /* Base */,
			);
			name = Main.storyboard;
			sourceTree = "<group>";
		};
		D23D69781ACD382C008C51A7 /* LaunchScreen.xib */ = {
			isa = PBXVariantGroup;
			children = (
				D23D69791ACD382C008C51A7 /* Base */,
			);
			name = LaunchScreen.xib;
			sourceTree = "<group>";
		};
/* End PBXVariantGroup section */

/* Begin XCBuildConfiguration section */
		D23D69871ACD382C008C51A7 /* Debug */ = {
			isa = XCBuildConfiguration;
			buildSettings = {
				ALWAYS_SEARCH_USER_PATHS = NO;
				CLANG_CXX_LANGUAGE_STANDARD = "gnu++0x";
				CLANG_CXX_LIBRARY = "libc++";
				CLANG_ENABLE_MODULES = YES;
				CLANG_ENABLE_OBJC_ARC = YES;
				CLANG_WARN_BOOL_CONVERSION = YES;
				CLANG_WARN_CONSTANT_CONVERSION = YES;
				CLANG_WARN_DIRECT_OBJC_ISA_USAGE = YES_ERROR;
				CLANG_WARN_EMPTY_BODY = YES;
				CLANG_WARN_ENUM_CONVERSION = YES;
				CLANG_WARN_INT_CONVERSION = YES;
				CLANG_WARN_OBJC_ROOT_CLASS = YES_ERROR;
				CLANG_WARN_UNREACHABLE_CODE = YES;
				CLANG_WARN__DUPLICATE_METHOD_MATCH = YES;
				"CODE_SIGN_IDENTITY[sdk=iphoneos*]" = "iPhone Developer";
				COPY_PHASE_STRIP = NO;
				ENABLE_STRICT_OBJC_MSGSEND = YES;
				GCC_C_LANGUAGE_STANDARD = gnu99;
				GCC_DYNAMIC_NO_PIC = NO;
				GCC_OPTIMIZATION_LEVEL = 0;
				GCC_PREPROCESSOR_DEFINITIONS = (
					"DEBUG=1",
					"$(inherited)",
				);
				GCC_SYMBOLS_PRIVATE_EXTERN = NO;
				GCC_WARN_64_TO_32_BIT_CONVERSION = YES;
				GCC_WARN_ABOUT_RETURN_TYPE = YES_ERROR;
				GCC_WARN_UNDECLARED_SELECTOR = YES;
				GCC_WARN_UNINITIALIZED_AUTOS = YES_AGGRESSIVE;
				GCC_WARN_UNUSED_FUNCTION = YES;
				GCC_WARN_UNUSED_VARIABLE = YES;
				IPHONEOS_DEPLOYMENT_TARGET = 8.2;
				MTL_ENABLE_DEBUG_INFO = YES;
				ONLY_ACTIVE_ARCH = YES;
				SDKROOT = iphoneos;
			};
			name = Debug;
		};
		D23D69881ACD382C008C51A7 /* Release */ = {
			isa = XCBuildConfiguration;
			buildSettings = {
				ALWAYS_SEARCH_USER_PATHS = NO;
				CLANG_CXX_LANGUAGE_STANDARD = "gnu++0x";
				CLANG_CXX_LIBRARY = "libc++";
				CLANG_ENABLE_MODULES = YES;
				CLANG_ENABLE_OBJC_ARC = YES;
				CLANG_WARN_BOOL_CONVERSION = YES;
				CLANG_WARN_CONSTANT_CONVERSION = YES;
				CLANG_WARN_DIRECT_OBJC_ISA_USAGE = YES_ERROR;
				CLANG_WARN_EMPTY_BODY = YES;
				CLANG_WARN_ENUM_CONVERSION = YES;
				CLANG_WARN_INT_CONVERSION = YES;
				CLANG_WARN_OBJC_ROOT_CLASS = YES_ERROR;
				CLANG_WARN_UNREACHABLE_CODE = YES;
				CLANG_WARN__DUPLICATE_METHOD_MATCH = YES;
				"CODE_SIGN_IDENTITY[sdk=iphoneos*]" = "iPhone Developer";
				COPY_PHASE_STRIP = NO;
				ENABLE_NS_ASSERTIONS = NO;
				ENABLE_STRICT_OBJC_MSGSEND = YES;
				GCC_C_LANGUAGE_STANDARD = gnu99;
				GCC_WARN_64_TO_32_BIT_CONVERSION = YES;
				GCC_WARN_ABOUT_RETURN_TYPE = YES_ERROR;
				GCC_WARN_UNDECLARED_SELECTOR = YES;
				GCC_WARN_UNINITIALIZED_AUTOS = YES_AGGRESSIVE;
				GCC_WARN_UNUSED_FUNCTION = YES;
				GCC_WARN_UNUSED_VARIABLE = YES;
				IPHONEOS_DEPLOYMENT_TARGET = 8.2;
				MTL_ENABLE_DEBUG_INFO = NO;
				SDKROOT = iphoneos;
				VALIDATE_PRODUCT = YES;
			};
			name = Release;
		};
		D23D698A1ACD382C008C51A7 /* Debug */ = {
			isa = XCBuildConfiguration;
			buildSettings = {
				ASSETCATALOG_COMPILER_APPICON_NAME = AppIcon;
				INFOPLIST_FILE = ChildNavigationControllerNavigationBarIssue/Info.plist;
				LD_RUNPATH_SEARCH_PATHS = "$(inherited) @executable_path/Frameworks";
				PRODUCT_NAME = "$(TARGET_NAME)";
			};
			name = Debug;
		};
		D23D698B1ACD382C008C51A7 /* Release */ = {
			isa = XCBuildConfiguration;
			buildSettings = {
				ASSETCATALOG_COMPILER_APPICON_NAME = AppIcon;
				INFOPLIST_FILE = ChildNavigationControllerNavigationBarIssue/Info.plist;
				LD_RUNPATH_SEARCH_PATHS = "$(inherited) @executable_path/Frameworks";
				PRODUCT_NAME = "$(TARGET_NAME)";
			};
			name = Release;
		};
		D23D698D1ACD382C008C51A7 /* Debug */ = {
			isa = XCBuildConfiguration;
			buildSettings = {
				BUNDLE_LOADER = "$(TEST_HOST)";
				FRAMEWORK_SEARCH_PATHS = (
					"$(SDKROOT)/Developer/Library/Frameworks",
					"$(inherited)",
				);
				GCC_PREPROCESSOR_DEFINITIONS = (
					"DEBUG=1",
					"$(inherited)",
				);
				INFOPLIST_FILE = ChildNavigationControllerNavigationBarIssueTests/Info.plist;
				LD_RUNPATH_SEARCH_PATHS = "$(inherited) @executable_path/Frameworks @loader_path/Frameworks";
				PRODUCT_NAME = "$(TARGET_NAME)";
				TEST_HOST = "$(BUILT_PRODUCTS_DIR)/ChildNavigationControllerNavigationBarIssue.app/ChildNavigationControllerNavigationBarIssue";
			};
			name = Debug;
		};
		D23D698E1ACD382C008C51A7 /* Release */ = {
			isa = XCBuildConfiguration;
			buildSettings = {
				BUNDLE_LOADER = "$(TEST_HOST)";
				FRAMEWORK_SEARCH_PATHS = (
					"$(SDKROOT)/Developer/Library/Frameworks",
					"$(inherited)",
				);
				INFOPLIST_FILE = ChildNavigationControllerNavigationBarIssueTests/Info.plist;
				LD_RUNPATH_SEARCH_PATHS = "$(inherited) @executable_path/Frameworks @loader_path/Frameworks";
				PRODUCT_NAME = "$(TARGET_NAME)";
				TEST_HOST = "$(BUILT_PRODUCTS_DIR)/ChildNavigationControllerNavigationBarIssue.app/ChildNavigationControllerNavigationBarIssue";
			};
			name = Release;
		};
/* End XCBuildConfiguration section */

/* Begin XCConfigurationList section */
		D23D69611ACD382C008C51A7 /* Build configuration list for PBXProject "ChildNavigationControllerNavigationBarIssue" */ = {
			isa = XCConfigurationList;
			buildConfigurations = (
				D23D69871ACD382C008C51A7 /* Debug */,
				D23D69881ACD382C008C51A7 /* Release */,
			);
			defaultConfigurationIsVisible = 0;
			defaultConfigurationName = Release;
		};
		D23D69891ACD382C008C51A7 /* Build configuration list for PBXNativeTarget "ChildNavigationControllerNavigationBarIssue" */ = {
			isa = XCConfigurationList;
			buildConfigurations = (
				D23D698A1ACD382C008C51A7 /* Debug */,
				D23D698B1ACD382C008C51A7 /* Release */,
			);
			defaultConfigurationIsVisible = 0;
			defaultConfigurationName = Release;
		};
		D23D698C1ACD382C008C51A7 /* Build configuration list for PBXNativeTarget "ChildNavigationControllerNavigationBarIssueTests" */ = {
			isa = XCConfigurationList;
			buildConfigurations = (
				D23D698D1ACD382C008C51A7 /* Debug */,
				D23D698E1ACD382C008C51A7 /* Release */,
			);
			defaultConfigurationIsVisible = 0;
			defaultConfigurationName = Release;
		};
/* End XCConfigurationList section */
	};
	rootObject = D23D695E1ACD382C008C51A7 /* Project object */;
}
