// !$*UTF8*$!
{
	archiveVersion = 1;
	classes = {
	};
	objectVersion = 46;
	objects = {

/* Begin PBXBuildFile section */
		4C50E5371D2FF4A300AF5704 /* main.m in Sources */ = {isa = PBXBuildFile; fileRef = 4C50E5361D2FF4A300AF5704 /* main.m */; };
		4C50E53A1D2FF4A300AF5704 /* AppDelegate.m in Sources */ = {isa = PBXBuildFile; fileRef = 4C50E5391D2FF4A300AF5704 /* AppDelegate.m */; };
		4C50E53D1D2FF4A300AF5704 /* ViewController.m in Sources */ = {isa = PBXBuildFile; fileRef = 4C50E53C1D2FF4A300AF5704 /* ViewController.m */; };
		4C50E5401D2FF4A300AF5704 /* Main.storyboard in Resources */ = {isa = PBXBuildFile; fileRef = 4C50E53E1D2FF4A300AF5704 /* Main.storyboard */; };
		4C50E5421D2FF4A300AF5704 /* Assets.xcassets in Resources */ = {isa = PBXBuildFile; fileRef = 4C50E5411D2FF4A300AF5704 /* Assets.xcassets */; };
		4C50E5451D2FF4A300AF5704 /* LaunchScreen.storyboard in Resources */ = {isa = PBXBuildFile; fileRef = 4C50E5431D2FF4A300AF5704 /* LaunchScreen.storyboard */; };
/* End PBXBuildFile section */

/* Begin PBXFileReference section */
		4C50E5321D2FF4A300AF5704 /* AirPlayScreenMirror.app */ = {isa = PBXFileReference; explicitFileType = wrapper.application; includeInIndex = 0; path = AirPlayScreenMirror.app; sourceTree = BUILT_PRODUCTS_DIR; };
		4C50E5361D2FF4A300AF5704 /* main.m */ = {isa = PBXFileReference; lastKnownFileType = sourcecode.c.objc; path = main.m; sourceTree = "<group>"; };
		4C50E5381D2FF4A300AF5704 /* AppDelegate.h */ = {isa = PBXFileReference; lastKnownFileType = sourcecode.c.h; path = AppDelegate.h; sourceTree = "<group>"; };
		4C50E5391D2FF4A300AF5704 /* AppDelegate.m */ = {isa = PBXFileReference; lastKnownFileType = sourcecode.c.objc; path = AppDelegate.m; sourceTree = "<group>"; };
		4C50E53B1D2FF4A300AF5704 /* ViewController.h */ = {isa = PBXFileReference; lastKnownFileType = sourcecode.c.h; path = ViewController.h; sourceTree = "<group>"; };
		4C50E53C1D2FF4A300AF5704 /* ViewController.m */ = {isa = PBXFileReference; lastKnownFileType = sourcecode.c.objc; path = ViewController.m; sourceTree = "<group>"; };
		4C50E53F1D2FF4A300AF5704 /* Base */ = {isa = PBXFileReference; lastKnownFileType = file.storyboard; name = Base; path = Base.lproj/Main.storyboard; sourceTree = "<group>"; };
		4C50E5411D2FF4A300AF5704 /* Assets.xcassets */ = {isa = PBXFileReference; lastKnownFileType = folder.assetcatalog; path = Assets.xcassets; sourceTree = "<group>"; };
		4C50E5441D2FF4A300AF5704 /* Base */ = {isa = PBXFileReference; lastKnownFileType = file.storyboard; name = Base; path = Base.lproj/LaunchScreen.storyboard; sourceTree = "<group>"; };
		4C50E5461D2FF4A300AF5704 /* Info.plist */ = {isa = PBXFileReference; lastKnownFileType = text.plist.xml; path = Info.plist; sourceTree = "<group>"; };
/* End PBXFileReference section */

/* Begin PBXFrameworksBuildPhase section */
		4C50E52F1D2FF4A300AF5704 /* Frameworks */ = {
			isa = PBXFrameworksBuildPhase;
			buildActionMask = 2147483647;
			files = (
			);
			runOnlyForDeploymentPostprocessing = 0;
		};
/* End PBXFrameworksBuildPhase section */

/* Begin PBXGroup section */
		4C50E5291D2FF4A300AF5704 = {
			isa = PBXGroup;
			children = (
				4C50E5341D2FF4A300AF5704 /* AirPlayScreenMirror */,
				4C50E5331D2FF4A300AF5704 /* Products */,
			);
			sourceTree = "<group>";
		};
		4C50E5331D2FF4A300AF5704 /* Products */ = {
			isa = PBXGroup;
			children = (
				4C50E5321D2FF4A300AF5704 /* AirPlayScreenMirror.app */,
			);
			name = Products;
			sourceTree = "<group>";
		};
		4C50E5341D2FF4A300AF5704 /* AirPlayScreenMirror */ = {
			isa = PBXGroup;
			children = (
				4C50E5381D2FF4A300AF5704 /* AppDelegate.h */,
				4C50E5391D2FF4A300AF5704 /* AppDelegate.m */,
				4C50E53B1D2FF4A300AF5704 /* ViewController.h */,
				4C50E53C1D2FF4A300AF5704 /* ViewController.m */,
				4C50E53E1D2FF4A300AF5704 /* Main.storyboard */,
				4C50E5411D2FF4A300AF5704 /* Assets.xcassets */,
				4C50E5431D2FF4A300AF5704 /* LaunchScreen.storyboard */,
				4C50E5461D2FF4A300AF5704 /* Info.plist */,
				4C50E5351D2FF4A300AF5704 /* Supporting Files */,
			);
			path = AirPlayScreenMirror;
			sourceTree = "<group>";
		};
		4C50E5351D2FF4A300AF5704 /* Supporting Files */ = {
			isa = PBXGroup;
			children = (
				4C50E5361D2FF4A300AF5704 /* main.m */,
			);
			name = "Supporting Files";
			sourceTree = "<group>";
		};
/* End PBXGroup section */

/* Begin PBXNativeTarget section */
		4C50E5311D2FF4A300AF5704 /* AirPlayScreenMirror */ = {
			isa = PBXNativeTarget;
			buildConfigurationList = 4C50E5491D2FF4A300AF5704 /* Build configuration list for PBXNativeTarget "AirPlayScreenMirror" */;
			buildPhases = (
				4C50E52E1D2FF4A300AF5704 /* Sources */,
				4C50E52F1D2FF4A300AF5704 /* Frameworks */,
				4C50E5301D2FF4A300AF5704 /* Resources */,
			);
			buildRules = (
			);
			dependencies = (
			);
			name = AirPlayScreenMirror;
			productName = AirPlayScreenMirror;
			productReference = 4C50E5321D2FF4A300AF5704 /* AirPlayScreenMirror.app */;
			productType = "com.apple.product-type.application";
		};
/* End PBXNativeTarget section */

/* Begin PBXProject section */
		4C50E52A1D2FF4A300AF5704 /* Project object */ = {
			isa = PBXProject;
			attributes = {
				LastUpgradeCheck = 0730;
				ORGANIZATIONNAME = "PSPDFKit GmbH";
				TargetAttributes = {
					4C50E5311D2FF4A300AF5704 = {
						CreatedOnToolsVersion = 7.3.1;
						DevelopmentTeam = QVLS8TQV4M;
					};
				};
			};
			buildConfigurationList = 4C50E52D1D2FF4A300AF5704 /* Build configuration list for PBXProject "AirPlayScreenMirror" */;
			compatibilityVersion = "Xcode 3.2";
			developmentRegion = English;
			hasScannedForEncodings = 0;
			knownRegions = (
				en,
				Base,
			);
			mainGroup = 4C50E5291D2FF4A300AF5704;
			productRefGroup = 4C50E5331D2FF4A300AF5704 /* Products */;
			projectDirPath = "";
			projectRoot = "";
			targets = (
				4C50E5311D2FF4A300AF5704 /* AirPlayScreenMirror */,
			);
		};
/* End PBXProject section */

/* Begin PBXResourcesBuildPhase section */
		4C50E5301D2FF4A300AF5704 /* Resources */ = {
			isa = PBXResourcesBuildPhase;
			buildActionMask = 2147483647;
			files = (
				4C50E5451D2FF4A300AF5704 /* LaunchScreen.storyboard in Resources */,
				4C50E5421D2FF4A300AF5704 /* Assets.xcassets in Resources */,
				4C50E5401D2FF4A300AF5704 /* Main.storyboard in Resources */,
			);
			runOnlyForDeploymentPostprocessing = 0;
		};
/* End PBXResourcesBuildPhase section */

/* Begin PBXSourcesBuildPhase section */
		4C50E52E1D2FF4A300AF5704 /* Sources */ = {
			isa = PBXSourcesBuildPhase;
			buildActionMask = 2147483647;
			files = (
				4C50E53D1D2FF4A300AF5704 /* ViewController.m in Sources */,
				4C50E53A1D2FF4A300AF5704 /* AppDelegate.m in Sources */,
				4C50E5371D2FF4A300AF5704 /* main.m in Sources */,
			);
			runOnlyForDeploymentPostprocessing = 0;
		};
/* End PBXSourcesBuildPhase section */

/* Begin PBXVariantGroup section */
		4C50E53E1D2FF4A300AF5704 /* Main.storyboard */ = {
			isa = PBXVariantGroup;
			children = (
				4C50E53F1D2FF4A300AF5704 /* Base */,
			);
			name = Main.storyboard;
			sourceTree = "<group>";
		};
		4C50E5431D2FF4A300AF5704 /* LaunchScreen.storyboard */ = {
			isa = PBXVariantGroup;
			children = (
				4C50E5441D2FF4A300AF5704 /* Base */,
			);
			name = LaunchScreen.storyboard;
			sourceTree = "<group>";
		};
/* End PBXVariantGroup section */

/* Begin XCBuildConfiguration section */
		4C50E5471D2FF4A300AF5704 /* Debug */ = {
			isa = XCBuildConfiguration;
			buildSettings = {
				ALWAYS_SEARCH_USER_PATHS = NO;
				CLANG_ANALYZER_NONNULL = YES;
				CLANG_CXX_LANGUAGE_STANDARD = "gnu++0x";
				CLANG_CXX_LIBRARY = "libc++";
				CLANG_ENABLE_MODULES = YES;
				CLANG_ENABLE_OBJC_ARC = YES;
				CLANG_WARN_BOOL_CONVERSION = YES;
				CLANG_WARN_CONSTANT_CONVERSION = YES;
				CLANG_WARN_DIRECT_OBJC_ISA_USAGE = YES_ERROR;
				CLANG_WARN_EMPTY_BODY = YES;
				CLANG_WARN_ENUM_CONVERSION = YES;
				CLANG_WARN_INT_CONVERSION = YES;
				CLANG_WARN_OBJC_ROOT_CLASS = YES_ERROR;
				CLANG_WARN_UNREACHABLE_CODE = YES;
				CLANG_WARN__DUPLICATE_METHOD_MATCH = YES;
				"CODE_SIGN_IDENTITY[sdk=iphoneos*]" = "iPhone Developer";
				COPY_PHASE_STRIP = NO;
				DEBUG_INFORMATION_FORMAT = dwarf;
				ENABLE_STRICT_OBJC_MSGSEND = YES;
				ENABLE_TESTABILITY = YES;
				GCC_C_LANGUAGE_STANDARD = gnu99;
				GCC_DYNAMIC_NO_PIC = NO;
				GCC_NO_COMMON_BLOCKS = YES;
				GCC_OPTIMIZATION_LEVEL = 0;
				GCC_PREPROCESSOR_DEFINITIONS = (
					"DEBUG=1",
					"$(inherited)",
				);
				GCC_WARN_64_TO_32_BIT_CONVERSION = YES;
				GCC_WARN_ABOUT_RETURN_TYPE = YES_ERROR;
				GCC_WARN_UNDECLARED_SELECTOR = YES;
				GCC_WARN_UNINITIALIZED_AUTOS = YES_AGGRESSIVE;
				GCC_WARN_UNUSED_FUNCTION = YES;
				GCC_WARN_UNUSED_VARIABLE = YES;
				IPHONEOS_DEPLOYMENT_TARGET = 9.3;
				MTL_ENABLE_DEBUG_INFO = YES;
				ONLY_ACTIVE_ARCH = YES;
				SDKROOT = iphoneos;
				TARGETED_DEVICE_FAMILY = 2;
			};
			name = Debug;
		};
		4C50E5481D2FF4A300AF5704 /* Release */ = {
			isa = XCBuildConfiguration;
			buildSettings = {
				ALWAYS_SEARCH_USER_PATHS = NO;
				CLANG_ANALYZER_NONNULL = YES;
				CLANG_CXX_LANGUAGE_STANDARD = "gnu++0x";
				CLANG_CXX_LIBRARY = "libc++";
				CLANG_ENABLE_MODULES = YES;
				CLANG_ENABLE_OBJC_ARC = YES;
				CLANG_WARN_BOOL_CONVERSION = YES;
				CLANG_WARN_CONSTANT_CONVERSION = YES;
				CLANG_WARN_DIRECT_OBJC_ISA_USAGE = YES_ERROR;
				CLANG_WARN_EMPTY_BODY = YES;
				CLANG_WARN_ENUM_CONVERSION = YES;
				CLANG_WARN_INT_CONVERSION = YES;
				CLANG_WARN_OBJC_ROOT_CLASS = YES_ERROR;
				CLANG_WARN_UNREACHABLE_CODE = YES;
				CLANG_WARN__DUPLICATE_METHOD_MATCH = YES;
				"CODE_SIGN_IDENTITY[sdk=iphoneos*]" = "iPhone Developer";
				COPY_PHASE_STRIP = NO;
				DEBUG_INFORMATION_FORMAT = "dwarf-with-dsym";
				ENABLE_NS_ASSERTIONS = NO;
				ENABLE_STRICT_OBJC_MSGSEND = YES;
				GCC_C_LANGUAGE_STANDARD = gnu99;
				GCC_NO_COMMON_BLOCKS = YES;
				GCC_WARN_64_TO_32_BIT_CONVERSION = YES;
				GCC_WARN_ABOUT_RETURN_TYPE = YES_ERROR;
				GCC_WARN_UNDECLARED_SELECTOR = YES;
				GCC_WARN_UNINITIALIZED_AUTOS = YES_AGGRESSIVE;
				GCC_WARN_UNUSED_FUNCTION = YES;
				GCC_WARN_UNUSED_VARIABLE = YES;
				IPHONEOS_DEPLOYMENT_TARGET = 9.3;
				MTL_ENABLE_DEBUG_INFO = NO;
				SDKROOT = iphoneos;
				TARGETED_DEVICE_FAMILY = 2;
				VALIDATE_PRODUCT = YES;
			};
			name = Release;
		};
		4C50E54A1D2FF4A300AF5704 /* Debug */ = {
			isa = XCBuildConfiguration;
			buildSettings = {
				ASSETCATALOG_COMPILER_APPICON_NAME = AppIcon;
				CODE_SIGN_IDENTITY = "iPhone Developer";
				INFOPLIST_FILE = AirPlayScreenMirror/Info.plist;
				IPHONEOS_DEPLOYMENT_TARGET = 9.0;
				LD_RUNPATH_SEARCH_PATHS = "$(inherited) @executable_path/Frameworks";
				PRODUCT_BUNDLE_IDENTIFIER = com.pspdfkit.AirPlayScreenMirror;
				PRODUCT_NAME = "$(TARGET_NAME)";
			};
			name = Debug;
		};
		4C50E54B1D2FF4A300AF5704 /* Release */ = {
			isa = XCBuildConfiguration;
			buildSettings = {
				ASSETCATALOG_COMPILER_APPICON_NAME = AppIcon;
				CODE_SIGN_IDENTITY = "iPhone Developer";
				INFOPLIST_FILE = AirPlayScreenMirror/Info.plist;
				IPHONEOS_DEPLOYMENT_TARGET = 9.0;
				LD_RUNPATH_SEARCH_PATHS = "$(inherited) @executable_path/Frameworks";
				PRODUCT_BUNDLE_IDENTIFIER = com.pspdfkit.AirPlayScreenMirror;
				PRODUCT_NAME = "$(TARGET_NAME)";
			};
			name = Release;
		};
/* End XCBuildConfiguration section */

/* Begin XCConfigurationList section */
		4C50E52D1D2FF4A300AF5704 /* Build configuration list for PBXProject "AirPlayScreenMirror" */ = {
			isa = XCConfigurationList;
			buildConfigurations = (
				4C50E5471D2FF4A300AF5704 /* Debug */,
				4C50E5481D2FF4A300AF5704 /* Release */,
			);
			defaultConfigurationIsVisible = 0;
			defaultConfigurationName = Release;
		};
		4C50E5491D2FF4A300AF5704 /* Build configuration list for PBXNativeTarget "AirPlayScreenMirror" */ = {
			isa = XCConfigurationList;
			buildConfigurations = (
				4C50E54A1D2FF4A300AF5704 /* Debug */,
				4C50E54B1D2FF4A300AF5704 /* Release */,
			);
			defaultConfigurationIsVisible = 0;
		};
/* End XCConfigurationList section */
	};
	rootObject = 4C50E52A1D2FF4A300AF5704 /* Project object */;
}
