// !$*UTF8*$!
{
	archiveVersion = 1;
	classes = {
	};
	objectVersion = 46;
	objects = {

/* Begin PBXBuildFile section */
		A91673731B06117A00677822 /* main.m in Sources */ = {isa = PBXBuildFile; fileRef = A91673721B06117A00677822 /* main.m */; };
		A91673761B06117A00677822 /* AppDelegate.m in Sources */ = {isa = PBXBuildFile; fileRef = A91673751B06117A00677822 /* AppDelegate.m */; };
		A91673901B06117A00677822 /* HTML_AttributedStringTests.m in Sources */ = {isa = PBXBuildFile; fileRef = A916738F1B06117A00677822 /* HTML_AttributedStringTests.m */; };
		A916739A1B0611B500677822 /* page.html in Resources */ = {isa = PBXBuildFile; fileRef = A91673991B0611B500677822 /* page.html */; };
/* End PBXBuildFile section */

/* Begin PBXContainerItemProxy section */
		A916738A1B06117A00677822 /* PBXContainerItemProxy */ = {
			isa = PBXContainerItemProxy;
			containerPortal = A91673651B06117A00677822 /* Project object */;
			proxyType = 1;
			remoteGlobalIDString = A916736C1B06117A00677822;
			remoteInfo = "HTML-AttributedString";
		};
/* End PBXContainerItemProxy section */

/* Begin PBXFileReference section */
		A916736D1B06117A00677822 /* HTML-AttributedString.app */ = {isa = PBXFileReference; explicitFileType = wrapper.application; includeInIndex = 0; path = "HTML-AttributedString.app"; sourceTree = BUILT_PRODUCTS_DIR; };
		A91673711B06117A00677822 /* Info.plist */ = {isa = PBXFileReference; lastKnownFileType = text.plist.xml; path = Info.plist; sourceTree = "<group>"; };
		A91673721B06117A00677822 /* main.m */ = {isa = PBXFileReference; lastKnownFileType = sourcecode.c.objc; path = main.m; sourceTree = "<group>"; };
		A91673741B06117A00677822 /* AppDelegate.h */ = {isa = PBXFileReference; lastKnownFileType = sourcecode.c.h; path = AppDelegate.h; sourceTree = "<group>"; };
		A91673751B06117A00677822 /* AppDelegate.m */ = {isa = PBXFileReference; lastKnownFileType = sourcecode.c.objc; path = AppDelegate.m; sourceTree = "<group>"; };
		A91673891B06117A00677822 /* HTML-AttributedStringTests.xctest */ = {isa = PBXFileReference; explicitFileType = wrapper.cfbundle; includeInIndex = 0; path = "HTML-AttributedStringTests.xctest"; sourceTree = BUILT_PRODUCTS_DIR; };
		A916738E1B06117A00677822 /* Info.plist */ = {isa = PBXFileReference; lastKnownFileType = text.plist.xml; path = Info.plist; sourceTree = "<group>"; };
		A916738F1B06117A00677822 /* HTML_AttributedStringTests.m */ = {isa = PBXFileReference; lastKnownFileType = sourcecode.c.objc; path = HTML_AttributedStringTests.m; sourceTree = "<group>"; };
		A91673991B0611B500677822 /* page.html */ = {isa = PBXFileReference; fileEncoding = 4; lastKnownFileType = text.html; path = page.html; sourceTree = "<group>"; };
/* End PBXFileReference section */

/* Begin PBXFrameworksBuildPhase section */
		A916736A1B06117A00677822 /* Frameworks */ = {
			isa = PBXFrameworksBuildPhase;
			buildActionMask = 2147483647;
			files = (
			);
			runOnlyForDeploymentPostprocessing = 0;
		};
		A91673861B06117A00677822 /* Frameworks */ = {
			isa = PBXFrameworksBuildPhase;
			buildActionMask = 2147483647;
			files = (
			);
			runOnlyForDeploymentPostprocessing = 0;
		};
/* End PBXFrameworksBuildPhase section */

/* Begin PBXGroup section */
		A91673641B06117A00677822 = {
			isa = PBXGroup;
			children = (
				A916736F1B06117A00677822 /* HTML-AttributedString */,
				A916738C1B06117A00677822 /* HTML-AttributedStringTests */,
				A916736E1B06117A00677822 /* Products */,
			);
			sourceTree = "<group>";
		};
		A916736E1B06117A00677822 /* Products */ = {
			isa = PBXGroup;
			children = (
				A916736D1B06117A00677822 /* HTML-AttributedString.app */,
				A91673891B06117A00677822 /* HTML-AttributedStringTests.xctest */,
			);
			name = Products;
			sourceTree = "<group>";
		};
		A916736F1B06117A00677822 /* HTML-AttributedString */ = {
			isa = PBXGroup;
			children = (
				A91673991B0611B500677822 /* page.html */,
				A91673741B06117A00677822 /* AppDelegate.h */,
				A91673751B06117A00677822 /* AppDelegate.m */,
				A91673701B06117A00677822 /* Supporting Files */,
			);
			path = "HTML-AttributedString";
			sourceTree = "<group>";
		};
		A91673701B06117A00677822 /* Supporting Files */ = {
			isa = PBXGroup;
			children = (
				A91673711B06117A00677822 /* Info.plist */,
				A91673721B06117A00677822 /* main.m */,
			);
			name = "Supporting Files";
			sourceTree = "<group>";
		};
		A916738C1B06117A00677822 /* HTML-AttributedStringTests */ = {
			isa = PBXGroup;
			children = (
				A916738F1B06117A00677822 /* HTML_AttributedStringTests.m */,
				A916738D1B06117A00677822 /* Supporting Files */,
			);
			path = "HTML-AttributedStringTests";
			sourceTree = "<group>";
		};
		A916738D1B06117A00677822 /* Supporting Files */ = {
			isa = PBXGroup;
			children = (
				A916738E1B06117A00677822 /* Info.plist */,
			);
			name = "Supporting Files";
			sourceTree = "<group>";
		};
/* End PBXGroup section */

/* Begin PBXNativeTarget section */
		A916736C1B06117A00677822 /* HTML-AttributedString */ = {
			isa = PBXNativeTarget;
			buildConfigurationList = A91673931B06117A00677822 /* Build configuration list for PBXNativeTarget "HTML-AttributedString" */;
			buildPhases = (
				A91673691B06117A00677822 /* Sources */,
				A916736A1B06117A00677822 /* Frameworks */,
				A916736B1B06117A00677822 /* Resources */,
			);
			buildRules = (
			);
			dependencies = (
			);
			name = "HTML-AttributedString";
			productName = "HTML-AttributedString";
			productReference = A916736D1B06117A00677822 /* HTML-AttributedString.app */;
			productType = "com.apple.product-type.application";
		};
		A91673881B06117A00677822 /* HTML-AttributedStringTests */ = {
			isa = PBXNativeTarget;
			buildConfigurationList = A91673961B06117A00677822 /* Build configuration list for PBXNativeTarget "HTML-AttributedStringTests" */;
			buildPhases = (
				A91673851B06117A00677822 /* Sources */,
				A91673861B06117A00677822 /* Frameworks */,
				A91673871B06117A00677822 /* Resources */,
			);
			buildRules = (
			);
			dependencies = (
				A916738B1B06117A00677822 /* PBXTargetDependency */,
			);
			name = "HTML-AttributedStringTests";
			productName = "HTML-AttributedStringTests";
			productReference = A91673891B06117A00677822 /* HTML-AttributedStringTests.xctest */;
			productType = "com.apple.product-type.bundle.unit-test";
		};
/* End PBXNativeTarget section */

/* Begin PBXProject section */
		A91673651B06117A00677822 /* Project object */ = {
			isa = PBXProject;
			attributes = {
				LastUpgradeCheck = 0630;
				ORGANIZATIONNAME = "Marco Sero";
				TargetAttributes = {
					A916736C1B06117A00677822 = {
						CreatedOnToolsVersion = 6.3.1;
					};
					A91673881B06117A00677822 = {
						CreatedOnToolsVersion = 6.3.1;
						TestTargetID = A916736C1B06117A00677822;
					};
				};
			};
			buildConfigurationList = A91673681B06117A00677822 /* Build configuration list for PBXProject "HTML-AttributedString" */;
			compatibilityVersion = "Xcode 3.2";
			developmentRegion = English;
			hasScannedForEncodings = 0;
			knownRegions = (
				en,
				Base,
			);
			mainGroup = A91673641B06117A00677822;
			productRefGroup = A916736E1B06117A00677822 /* Products */;
			projectDirPath = "";
			projectRoot = "";
			targets = (
				A916736C1B06117A00677822 /* HTML-AttributedString */,
				A91673881B06117A00677822 /* HTML-AttributedStringTests */,
			);
		};
/* End PBXProject section */

/* Begin PBXResourcesBuildPhase section */
		A916736B1B06117A00677822 /* Resources */ = {
			isa = PBXResourcesBuildPhase;
			buildActionMask = 2147483647;
			files = (
				A916739A1B0611B500677822 /* page.html in Resources */,
			);
			runOnlyForDeploymentPostprocessing = 0;
		};
		A91673871B06117A00677822 /* Resources */ = {
			isa = PBXResourcesBuildPhase;
			buildActionMask = 2147483647;
			files = (
			);
			runOnlyForDeploymentPostprocessing = 0;
		};
/* End PBXResourcesBuildPhase section */

/* Begin PBXSourcesBuildPhase section */
		A91673691B06117A00677822 /* Sources */ = {
			isa = PBXSourcesBuildPhase;
			buildActionMask = 2147483647;
			files = (
				A91673761B06117A00677822 /* AppDelegate.m in Sources */,
				A91673731B06117A00677822 /* main.m in Sources */,
			);
			runOnlyForDeploymentPostprocessing = 0;
		};
		A91673851B06117A00677822 /* Sources */ = {
			isa = PBXSourcesBuildPhase;
			buildActionMask = 2147483647;
			files = (
				A91673901B06117A00677822 /* HTML_AttributedStringTests.m in Sources */,
			);
			runOnlyForDeploymentPostprocessing = 0;
		};
/* End PBXSourcesBuildPhase section */

/* Begin PBXTargetDependency section */
		A916738B1B06117A00677822 /* PBXTargetDependency */ = {
			isa = PBXTargetDependency;
			target = A916736C1B06117A00677822 /* HTML-AttributedString */;
			targetProxy = A916738A1B06117A00677822 /* PBXContainerItemProxy */;
		};
/* End PBXTargetDependency section */

/* Begin XCBuildConfiguration section */
		A91673911B06117A00677822 /* Debug */ = {
			isa = XCBuildConfiguration;
			buildSettings = {
				ALWAYS_SEARCH_USER_PATHS = NO;
				CLANG_CXX_LANGUAGE_STANDARD = "gnu++0x";
				CLANG_CXX_LIBRARY = "libc++";
				CLANG_ENABLE_MODULES = YES;
				CLANG_ENABLE_OBJC_ARC = YES;
				CLANG_WARN_BOOL_CONVERSION = YES;
				CLANG_WARN_CONSTANT_CONVERSION = YES;
				CLANG_WARN_DIRECT_OBJC_ISA_USAGE = YES_ERROR;
				CLANG_WARN_EMPTY_BODY = YES;
				CLANG_WARN_ENUM_CONVERSION = YES;
				CLANG_WARN_INT_CONVERSION = YES;
				CLANG_WARN_OBJC_ROOT_CLASS = YES_ERROR;
				CLANG_WARN_UNREACHABLE_CODE = YES;
				CLANG_WARN__DUPLICATE_METHOD_MATCH = YES;
				"CODE_SIGN_IDENTITY[sdk=iphoneos*]" = "iPhone Developer";
				COPY_PHASE_STRIP = NO;
				DEBUG_INFORMATION_FORMAT = "dwarf-with-dsym";
				ENABLE_STRICT_OBJC_MSGSEND = YES;
				GCC_C_LANGUAGE_STANDARD = gnu99;
				GCC_DYNAMIC_NO_PIC = NO;
				GCC_NO_COMMON_BLOCKS = YES;
				GCC_OPTIMIZATION_LEVEL = 0;
				GCC_PREPROCESSOR_DEFINITIONS = (
					"DEBUG=1",
					"$(inherited)",
				);
				GCC_SYMBOLS_PRIVATE_EXTERN = NO;
				GCC_WARN_64_TO_32_BIT_CONVERSION = YES;
				GCC_WARN_ABOUT_RETURN_TYPE = YES_ERROR;
				GCC_WARN_UNDECLARED_SELECTOR = YES;
				GCC_WARN_UNINITIALIZED_AUTOS = YES_AGGRESSIVE;
				GCC_WARN_UNUSED_FUNCTION = YES;
				GCC_WARN_UNUSED_VARIABLE = YES;
				IPHONEOS_DEPLOYMENT_TARGET = 8.3;
				MTL_ENABLE_DEBUG_INFO = YES;
				ONLY_ACTIVE_ARCH = YES;
				SDKROOT = iphoneos;
			};
			name = Debug;
		};
		A91673921B06117A00677822 /* Release */ = {
			isa = XCBuildConfiguration;
			buildSettings = {
				ALWAYS_SEARCH_USER_PATHS = NO;
				CLANG_CXX_LANGUAGE_STANDARD = "gnu++0x";
				CLANG_CXX_LIBRARY = "libc++";
				CLANG_ENABLE_MODULES = YES;
				CLANG_ENABLE_OBJC_ARC = YES;
				CLANG_WARN_BOOL_CONVERSION = YES;
				CLANG_WARN_CONSTANT_CONVERSION = YES;
				CLANG_WARN_DIRECT_OBJC_ISA_USAGE = YES_ERROR;
				CLANG_WARN_EMPTY_BODY = YES;
				CLANG_WARN_ENUM_CONVERSION = YES;
				CLANG_WARN_INT_CONVERSION = YES;
				CLANG_WARN_OBJC_ROOT_CLASS = YES_ERROR;
				CLANG_WARN_UNREACHABLE_CODE = YES;
				CLANG_WARN__DUPLICATE_METHOD_MATCH = YES;
				"CODE_SIGN_IDENTITY[sdk=iphoneos*]" = "iPhone Developer";
				COPY_PHASE_STRIP = NO;
				DEBUG_INFORMATION_FORMAT = "dwarf-with-dsym";
				ENABLE_NS_ASSERTIONS = NO;
				ENABLE_STRICT_OBJC_MSGSEND = YES;
				GCC_C_LANGUAGE_STANDARD = gnu99;
				GCC_NO_COMMON_BLOCKS = YES;
				GCC_WARN_64_TO_32_BIT_CONVERSION = YES;
				GCC_WARN_ABOUT_RETURN_TYPE = YES_ERROR;
				GCC_WARN_UNDECLARED_SELECTOR = YES;
				GCC_WARN_UNINITIALIZED_AUTOS = YES_AGGRESSIVE;
				GCC_WARN_UNUSED_FUNCTION = YES;
				GCC_WARN_UNUSED_VARIABLE = YES;
				IPHONEOS_DEPLOYMENT_TARGET = 8.3;
				MTL_ENABLE_DEBUG_INFO = NO;
				SDKROOT = iphoneos;
				VALIDATE_PRODUCT = YES;
			};
			name = Release;
		};
		A91673941B06117A00677822 /* Debug */ = {
			isa = XCBuildConfiguration;
			buildSettings = {
				ASSETCATALOG_COMPILER_APPICON_NAME = AppIcon;
				INFOPLIST_FILE = "HTML-AttributedString/Info.plist";
				LD_RUNPATH_SEARCH_PATHS = "$(inherited) @executable_path/Frameworks";
				PRODUCT_NAME = "$(TARGET_NAME)";
			};
			name = Debug;
		};
		A91673951B06117A00677822 /* Release */ = {
			isa = XCBuildConfiguration;
			buildSettings = {
				ASSETCATALOG_COMPILER_APPICON_NAME = AppIcon;
				INFOPLIST_FILE = "HTML-AttributedString/Info.plist";
				LD_RUNPATH_SEARCH_PATHS = "$(inherited) @executable_path/Frameworks";
				PRODUCT_NAME = "$(TARGET_NAME)";
			};
			name = Release;
		};
		A91673971B06117A00677822 /* Debug */ = {
			isa = XCBuildConfiguration;
			buildSettings = {
				BUNDLE_LOADER = "$(TEST_HOST)";
				FRAMEWORK_SEARCH_PATHS = (
					"$(SDKROOT)/Developer/Library/Frameworks",
					"$(inherited)",
				);
				GCC_PREPROCESSOR_DEFINITIONS = (
					"DEBUG=1",
					"$(inherited)",
				);
				INFOPLIST_FILE = "HTML-AttributedStringTests/Info.plist";
				LD_RUNPATH_SEARCH_PATHS = "$(inherited) @executable_path/Frameworks @loader_path/Frameworks";
				PRODUCT_NAME = "$(TARGET_NAME)";
				TEST_HOST = "$(BUILT_PRODUCTS_DIR)/HTML-AttributedString.app/HTML-AttributedString";
			};
			name = Debug;
		};
		A91673981B06117A00677822 /* Release */ = {
			isa = XCBuildConfiguration;
			buildSettings = {
				BUNDLE_LOADER = "$(TEST_HOST)";
				FRAMEWORK_SEARCH_PATHS = (
					"$(SDKROOT)/Developer/Library/Frameworks",
					"$(inherited)",
				);
				INFOPLIST_FILE = "HTML-AttributedStringTests/Info.plist";
				LD_RUNPATH_SEARCH_PATHS = "$(inherited) @executable_path/Frameworks @loader_path/Frameworks";
				PRODUCT_NAME = "$(TARGET_NAME)";
				TEST_HOST = "$(BUILT_PRODUCTS_DIR)/HTML-AttributedString.app/HTML-AttributedString";
			};
			name = Release;
		};
/* End XCBuildConfiguration section */

/* Begin XCConfigurationList section */
		A91673681B06117A00677822 /* Build configuration list for PBXProject "HTML-AttributedString" */ = {
			isa = XCConfigurationList;
			buildConfigurations = (
				A91673911B06117A00677822 /* Debug */,
				A91673921B06117A00677822 /* Release */,
			);
			defaultConfigurationIsVisible = 0;
			defaultConfigurationName = Release;
		};
		A91673931B06117A00677822 /* Build configuration list for PBXNativeTarget "HTML-AttributedString" */ = {
			isa = XCConfigurationList;
			buildConfigurations = (
				A91673941B06117A00677822 /* Debug */,
				A91673951B06117A00677822 /* Release */,
			);
			defaultConfigurationIsVisible = 0;
		};
		A91673961B06117A00677822 /* Build configuration list for PBXNativeTarget "HTML-AttributedStringTests" */ = {
			isa = XCConfigurationList;
			buildConfigurations = (
				A91673971B06117A00677822 /* Debug */,
				A91673981B06117A00677822 /* Release */,
			);
			defaultConfigurationIsVisible = 0;
		};
/* End XCConfigurationList section */
	};
	rootObject = A91673651B06117A00677822 /* Project object */;
}
